// !$*UTF8*$!
{
	archiveVersion = 1;
	classes = {
	};
	objectVersion = 56;
	objects = {

/* Begin PBXBuildFile section */
		9E0434A029E164CA009A2161 /* BookShelfScrollView.swift in Sources */ = {isa = PBXBuildFile; fileRef = 9E04349F29E164CA009A2161 /* BookShelfScrollView.swift */; };
		9E0434A629E19C48009A2161 /* FavBookButton.swift in Sources */ = {isa = PBXBuildFile; fileRef = 9E0434A529E19C48009A2161 /* FavBookButton.swift */; };
		9E0434A929E24BA5009A2161 /* BookShelfBookListView.swift in Sources */ = {isa = PBXBuildFile; fileRef = 9E0434A829E24BA5009A2161 /* BookShelfBookListView.swift */; };
		9E0434AB29E28097009A2161 /* BookSortCriteria.swift in Sources */ = {isa = PBXBuildFile; fileRef = 9E0434AA29E28097009A2161 /* BookSortCriteria.swift */; };
		9E0434AE29E2A38D009A2161 /* NavigationBarItemStyle.swift in Sources */ = {isa = PBXBuildFile; fileRef = 9E0434AD29E2A38D009A2161 /* NavigationBarItemStyle.swift */; };
		9E0434B029E2AEFF009A2161 /* NavigationTitleStyle.swift in Sources */ = {isa = PBXBuildFile; fileRef = 9E0434AF29E2AEFF009A2161 /* NavigationTitleStyle.swift */; };
		9E0434B229E3940E009A2161 /* BookShelfBookListTextFieldView.swift in Sources */ = {isa = PBXBuildFile; fileRef = 9E0434B129E3940E009A2161 /* BookShelfBookListTextFieldView.swift */; };
		9E0434B429E39920009A2161 /* BookShelfBookScrollView.swift in Sources */ = {isa = PBXBuildFile; fileRef = 9E0434B329E39920009A2161 /* BookShelfBookScrollView.swift */; };
		9E0434B629E537BE009A2161 /* CompleteBook.swift in Sources */ = {isa = PBXBuildFile; fileRef = 9E0434B529E537BE009A2161 /* CompleteBook.swift */; };
		9E0434BA29E53CA0009A2161 /* ReadingRecord.swift in Sources */ = {isa = PBXBuildFile; fileRef = 9E0434B929E53CA0009A2161 /* ReadingRecord.swift */; };
		9E0434BC29E53CD8009A2161 /* CollectSentences.swift in Sources */ = {isa = PBXBuildFile; fileRef = 9E0434BB29E53CD8009A2161 /* CollectSentences.swift */; };
		9E06070E29DD516D000D542D /* RealmManager.swift in Sources */ = {isa = PBXBuildFile; fileRef = 9E06070D29DD516D000D542D /* RealmManager.swift */; };
		9E06071429DF9847000D542D /* FavoriteBook.swift in Sources */ = {isa = PBXBuildFile; fileRef = 9E06071329DF9847000D542D /* FavoriteBook.swift */; };
		9E06071729DFDC1D000D542D /* BookShelfView.swift in Sources */ = {isa = PBXBuildFile; fileRef = 9E06071629DFDC1D000D542D /* BookShelfView.swift */; };
		9E061D5A29F8EB9C0042E3B1 /* HomeCategoryButton.swift in Sources */ = {isa = PBXBuildFile; fileRef = 9E061D5929F8EB9C0042E3B1 /* HomeCategoryButton.swift */; };
		9E061D5C29FA90660042E3B1 /* CompleteBookButton.swift in Sources */ = {isa = PBXBuildFile; fileRef = 9E061D5B29FA90660042E3B1 /* CompleteBookButton.swift */; };
		9E061D6129FAA8890042E3B1 /* SettingsView.swift in Sources */ = {isa = PBXBuildFile; fileRef = 9E061D6029FAA8890042E3B1 /* SettingsView.swift */; };
		9E0C0A5F29D1D85200F1F5F6 /* ViewExtension.swift in Sources */ = {isa = PBXBuildFile; fileRef = 9E0C0A5E29D1D85200F1F5F6 /* ViewExtension.swift */; };
		9E0C0A6229D1DB4700F1F5F6 /* HomeView.swift in Sources */ = {isa = PBXBuildFile; fileRef = 9E0C0A6129D1DB4700F1F5F6 /* HomeView.swift */; };
		9E0C0A6629D1DF4800F1F5F6 /* HomeTopBarView.swift in Sources */ = {isa = PBXBuildFile; fileRef = 9E0C0A6529D1DF4800F1F5F6 /* HomeTopBarView.swift */; };
		9E0C0A6929D281BF00F1F5F6 /* HapticManager.swift in Sources */ = {isa = PBXBuildFile; fileRef = 9E0C0A6829D281BF00F1F5F6 /* HapticManager.swift */; };
		9E0C0A6C29D284FD00F1F5F6 /* BookListView.swift in Sources */ = {isa = PBXBuildFile; fileRef = 9E0C0A6B29D284FD00F1F5F6 /* BookListView.swift */; };
		9E0C0A6F29D2856B00F1F5F6 /* AladinAPIManager.swift in Sources */ = {isa = PBXBuildFile; fileRef = 9E0C0A6E29D2856B00F1F5F6 /* AladinAPIManager.swift */; };
		9E0C0A7129D2866100F1F5F6 /* briefBookInfo.swift in Sources */ = {isa = PBXBuildFile; fileRef = 9E0C0A7029D2866100F1F5F6 /* briefBookInfo.swift */; };
		9E0C0A7329D28C0300F1F5F6 /* AladinAPI.swift in Sources */ = {isa = PBXBuildFile; fileRef = 9E0C0A7229D28C0300F1F5F6 /* AladinAPI.swift */; };
		9E0C0A7729D2B5BC00F1F5F6 /* detailBookInfo.swift in Sources */ = {isa = PBXBuildFile; fileRef = 9E0C0A7629D2B5BC00F1F5F6 /* detailBookInfo.swift */; };
		9E0C0A7D29D3D0F900F1F5F6 /* BookListTab.swift in Sources */ = {isa = PBXBuildFile; fileRef = 9E0C0A7C29D3D0F900F1F5F6 /* BookListTab.swift */; };
		9E0C0A7F29D3D56A00F1F5F6 /* SearchListTopBarView.swift in Sources */ = {isa = PBXBuildFile; fileRef = 9E0C0A7E29D3D56A00F1F5F6 /* SearchListTopBarView.swift */; };
		9E0EF6F02A0DF4F600747847 /* ActivityCellButton.swift in Sources */ = {isa = PBXBuildFile; fileRef = 9E0EF6EF2A0DF4F600747847 /* ActivityCellButton.swift */; };
		9E0EF6F32A0DF56500747847 /* ReadingActivity.swift in Sources */ = {isa = PBXBuildFile; fileRef = 9E0EF6F22A0DF56500747847 /* ReadingActivity.swift */; };
		9E0EF6F62A0DF78000747847 /* ActivityView.swift in Sources */ = {isa = PBXBuildFile; fileRef = 9E0EF6F52A0DF78000747847 /* ActivityView.swift */; };
		9E187E072A06853100930388 /* DateExtension.swift in Sources */ = {isa = PBXBuildFile; fileRef = 9E187E062A06853100930388 /* DateExtension.swift */; };
		9E1A36C52A3DEEA6001E5E11 /* BookShelfFavBookTabView.swift in Sources */ = {isa = PBXBuildFile; fileRef = 9E1A36C42A3DEEA6001E5E11 /* BookShelfFavBookTabView.swift */; };
		9E1A36C72A3DF242001E5E11 /* BookShelfCompBookTabView.swift in Sources */ = {isa = PBXBuildFile; fileRef = 9E1A36C62A3DF242001E5E11 /* BookShelfCompBookTabView.swift */; };
		9E1A36C92A3DF4D2001E5E11 /* BookShelfSummaryTabView.swift in Sources */ = {isa = PBXBuildFile; fileRef = 9E1A36C82A3DF4D2001E5E11 /* BookShelfSummaryTabView.swift */; };
		9E1C2F9E2A0BADAC00AB0BAE /* CompleteBookEditView.swift in Sources */ = {isa = PBXBuildFile; fileRef = 9E1C2F9D2A0BADAC00AB0BAE /* CompleteBookEditView.swift */; };
		9E24DD302A14F8B400366640 /* HomeActivityTabView.swift in Sources */ = {isa = PBXBuildFile; fileRef = 9E24DD2D2A14F8B300366640 /* HomeActivityTabView.swift */; };
		9E24DD312A14F8B400366640 /* HomeScrollView.swift in Sources */ = {isa = PBXBuildFile; fileRef = 9E24DD2E2A14F8B400366640 /* HomeScrollView.swift */; };
		9E24DD322A14F8B400366640 /* HomeCompleteBookTabView.swift in Sources */ = {isa = PBXBuildFile; fileRef = 9E24DD2F2A14F8B400366640 /* HomeCompleteBookTabView.swift */; };
		9E2BA9062A04CBF600FD2E93 /* CompleteBookRenewalSheetView.swift in Sources */ = {isa = PBXBuildFile; fileRef = 9E2BA9052A04CBF600FD2E93 /* CompleteBookRenewalSheetView.swift */; };
		9E2BA90C2A051C9200FD2E93 /* CompleteBookDataSheetView.swift in Sources */ = {isa = PBXBuildFile; fileRef = 9E2BA90B2A051C9100FD2E93 /* CompleteBookDataSheetView.swift */; };
		9E2C9D572A3C1C0500810B02 /* MainReadingTime.swift in Sources */ = {isa = PBXBuildFile; fileRef = 9E2C9D562A3C1C0500810B02 /* MainReadingTime.swift */; };
		9E459B0B2A19DA7300DB248F /* LeftBottomButtonStyle.swift in Sources */ = {isa = PBXBuildFile; fileRef = 9E459B0A2A19DA7300DB248F /* LeftBottomButtonStyle.swift */; };
		9E459B0D2A19DA9900DB248F /* RightBottomButtonStyle.swift in Sources */ = {isa = PBXBuildFile; fileRef = 9E459B0C2A19DA9900DB248F /* RightBottomButtonStyle.swift */; };
		9E4996082A3FCF2400FB7B91 /* BookShelfList.swift in Sources */ = {isa = PBXBuildFile; fileRef = 9E4996072A3FCF2400FB7B91 /* BookShelfList.swift */; };
		9E524DF829D1CF3500FD7B98 /* TabButton.swift in Sources */ = {isa = PBXBuildFile; fileRef = 9E524DF729D1CF3500FD7B98 /* TabButton.swift */; };
		9E524DFB29D1D14C00FD7B98 /* RoundedRectBLBR.swift in Sources */ = {isa = PBXBuildFile; fileRef = 9E524DFA29D1D14C00FD7B98 /* RoundedRectBLBR.swift */; };
		9E5283862A223D3200687385 /* ColorExtension.swift in Sources */ = {isa = PBXBuildFile; fileRef = 9E5283852A223D3200687385 /* ColorExtension.swift */; };
		9E54A9FC29D5DC9800FE080C /* SearchCategoryButton.swift in Sources */ = {isa = PBXBuildFile; fileRef = 9E54A9FB29D5DC9800FE080C /* SearchCategoryButton.swift */; };
		9E54AA0029D6704900FE080C /* SearchSheetScrollView.swift in Sources */ = {isa = PBXBuildFile; fileRef = 9E54A9FF29D6704900FE080C /* SearchSheetScrollView.swift */; };
		9E54AA0429D6F54B00FE080C /* SearchListBookButton.swift in Sources */ = {isa = PBXBuildFile; fileRef = 9E54AA0329D6F54B00FE080C /* SearchListBookButton.swift */; };
		9E54AA0629D706F500FE080C /* SearchListScrollView.swift in Sources */ = {isa = PBXBuildFile; fileRef = 9E54AA0529D706F500FE080C /* SearchListScrollView.swift */; };
		9E54AA0829D7C9B500FE080C /* ListBookButton.swift in Sources */ = {isa = PBXBuildFile; fileRef = 9E54AA0729D7C9B500FE080C /* ListBookButton.swift */; };
		9E54AA0A29D7CACB00FE080C /* RoundedRectTRBR.swift in Sources */ = {isa = PBXBuildFile; fileRef = 9E54AA0929D7CACB00FE080C /* RoundedRectTRBR.swift */; };
		9E54AA0C29D7CF6600FE080C /* RoundedRectTLBL.swift in Sources */ = {isa = PBXBuildFile; fileRef = 9E54AA0B29D7CF6600FE080C /* RoundedRectTLBL.swift */; };
		9E54AA0E29D7D84100FE080C /* StringExtension.swift in Sources */ = {isa = PBXBuildFile; fileRef = 9E54AA0D29D7D84100FE080C /* StringExtension.swift */; };
		9E595E3A2A28BE8E00F46F74 /* SentenceCellButton.swift in Sources */ = {isa = PBXBuildFile; fileRef = 9E595E392A28BE8E00F46F74 /* SentenceCellButton.swift */; };
		9E595E422A2AD8EC00F46F74 /* BookShelfSentenceListView.swift in Sources */ = {isa = PBXBuildFile; fileRef = 9E595E412A2AD8EC00F46F74 /* BookShelfSentenceListView.swift */; };
		9E595E442A2AD9C400F46F74 /* BookShelfSentenceListTextFieldView.swift in Sources */ = {isa = PBXBuildFile; fileRef = 9E595E432A2AD9C400F46F74 /* BookShelfSentenceListTextFieldView.swift */; };
		9E595E462A2ADDB900F46F74 /* BookShelfSentenceScrollView.swift in Sources */ = {isa = PBXBuildFile; fileRef = 9E595E452A2ADDB900F46F74 /* BookShelfSentenceScrollView.swift */; };
		9E7A794329DA5B8F00A51856 /* SearchBookView.swift in Sources */ = {isa = PBXBuildFile; fileRef = 9E7A794229DA5B8F00A51856 /* SearchBookView.swift */; };
		9E7A794529DA6AFF00A51856 /* SearchBookCoverView.swift in Sources */ = {isa = PBXBuildFile; fileRef = 9E7A794429DA6AFF00A51856 /* SearchBookCoverView.swift */; };
		9E7A794729DA854D00A51856 /* SearchBookMainInfoView.swift in Sources */ = {isa = PBXBuildFile; fileRef = 9E7A794629DA854D00A51856 /* SearchBookMainInfoView.swift */; };
		9E7A794929DA8D7500A51856 /* SearchBookSubInfoView.swift in Sources */ = {isa = PBXBuildFile; fileRef = 9E7A794829DA8D7500A51856 /* SearchBookSubInfoView.swift */; };
		9E7A794B29DA8EBD00A51856 /* SearchBookDescView.swift in Sources */ = {isa = PBXBuildFile; fileRef = 9E7A794A29DA8EBD00A51856 /* SearchBookDescView.swift */; };
		9E7A794D29DA998F00A51856 /* SalesPointDescSheetView.swift in Sources */ = {isa = PBXBuildFile; fileRef = 9E7A794C29DA998F00A51856 /* SalesPointDescSheetView.swift */; };
		9E7A795029DAABA000A51856 /* SearchBookButtonGroupView.swift in Sources */ = {isa = PBXBuildFile; fileRef = 9E7A794F29DAABA000A51856 /* SearchBookButtonGroupView.swift */; };
		9E7BFC7929F0F24F00D72648 /* AnalysisView.swift in Sources */ = {isa = PBXBuildFile; fileRef = 9E7BFC7829F0F24F00D72648 /* AnalysisView.swift */; };
		9E7D40892A284285007368CF /* AddSentenceSheetView.swift in Sources */ = {isa = PBXBuildFile; fileRef = 9E7D40882A284285007368CF /* AddSentenceSheetView.swift */; };
		9E852F1729E1283C00A78EC2 /* BookShelfTopBarView.swift in Sources */ = {isa = PBXBuildFile; fileRef = 9E852F1629E1283C00A78EC2 /* BookShelfTopBarView.swift */; };
		9E9B35B32A41288C009234ED /* ViewType.swift in Sources */ = {isa = PBXBuildFile; fileRef = 9E9B35B22A41288C009234ED /* ViewType.swift */; };
		9EA1983D2A01F18300D385CD /* CompleteBookTopInfoView.swift in Sources */ = {isa = PBXBuildFile; fileRef = 9EA1983A2A01F18300D385CD /* CompleteBookTopInfoView.swift */; };
		9EA1983E2A01F18300D385CD /* CompleteBookView.swift in Sources */ = {isa = PBXBuildFile; fileRef = 9EA1983B2A01F18300D385CD /* CompleteBookView.swift */; };
		9EA1983F2A01F18300D385CD /* CompleteBookTopBarView.swift in Sources */ = {isa = PBXBuildFile; fileRef = 9EA1983C2A01F18300D385CD /* CompleteBookTopBarView.swift */; };
		9EB136032A30D61D0081832D /* Alamofire in Frameworks */ = {isa = PBXBuildFile; productRef = 9EB136022A30D61D0081832D /* Alamofire */; };
		9EB136062A30D63E0081832D /* Realm in Frameworks */ = {isa = PBXBuildFile; productRef = 9EB136052A30D63E0081832D /* Realm */; };
		9EB136082A30D63E0081832D /* RealmSwift in Frameworks */ = {isa = PBXBuildFile; productRef = 9EB136072A30D63E0081832D /* RealmSwift */; };
		9EB1360B2A30D6500081832D /* Shimmer in Frameworks */ = {isa = PBXBuildFile; productRef = 9EB1360A2A30D6500081832D /* Shimmer */; };
		9EB1360E2A30D65B0081832D /* AlertToast in Frameworks */ = {isa = PBXBuildFile; productRef = 9EB1360D2A30D65B0081832D /* AlertToast */; };
		9EB749FA29D5C43200610D97 /* Category.swift in Sources */ = {isa = PBXBuildFile; fileRef = 9EB749F629D5C3A500610D97 /* Category.swift */; };
		9EC71F892A15D3A30056C11C /* ActivityTopBarView.swift in Sources */ = {isa = PBXBuildFile; fileRef = 9EC71F882A15D3A30056C11C /* ActivityTopBarView.swift */; };
		9EC71F8B2A15D50F0056C11C /* ActivityScrollView.swift in Sources */ = {isa = PBXBuildFile; fileRef = 9EC71F8A2A15D50F0056C11C /* ActivityScrollView.swift */; };
		9EC71F8D2A15DEEE0056C11C /* MonthlyReadingActivity.swift in Sources */ = {isa = PBXBuildFile; fileRef = 9EC71F8C2A15DEEE0056C11C /* MonthlyReadingActivity.swift */; };
		9EC71F912A1715690056C11C /* CompleteBookTabButton.swift in Sources */ = {isa = PBXBuildFile; fileRef = 9EC71F902A1715690056C11C /* CompleteBookTabButton.swift */; };
		9EC71F942A174A410056C11C /* BottomButtonStyle.swift in Sources */ = {isa = PBXBuildFile; fileRef = 9EC71F932A174A410056C11C /* BottomButtonStyle.swift */; };
		9EC71F962A17512A0056C11C /* RoundedRect.swift in Sources */ = {isa = PBXBuildFile; fileRef = 9EC71F952A17512A0056C11C /* RoundedRect.swift */; };
		9EC71F982A177D930056C11C /* ResultsExtension.swift in Sources */ = {isa = PBXBuildFile; fileRef = 9EC71F972A177D930056C11C /* ResultsExtension.swift */; };
		9EC71F9A2A1782B70056C11C /* ArrayExtension.swift in Sources */ = {isa = PBXBuildFile; fileRef = 9EC71F992A1782B70056C11C /* ArrayExtension.swift */; };
		9EC88D622A11F76400C2701F /* CompleteBookConfettiView.swift in Sources */ = {isa = PBXBuildFile; fileRef = 9EC88D612A11F76400C2701F /* CompleteBookConfettiView.swift */; };
		9ECA326929D11C02004D6D5B /* CustomMainTabView.swift in Sources */ = {isa = PBXBuildFile; fileRef = 9ECA326829D11C02004D6D5B /* CustomMainTabView.swift */; };
		9ECA326B29D12044004D6D5B /* CustomTab.swift in Sources */ = {isa = PBXBuildFile; fileRef = 9ECA326A29D12044004D6D5B /* CustomTab.swift */; };
		9ECD921129BF1FA600FCDD2F /* BookyBookyApp.swift in Sources */ = {isa = PBXBuildFile; fileRef = 9ECD921029BF1FA600FCDD2F /* BookyBookyApp.swift */; };
		9ECD921329BF1FA600FCDD2F /* ContentView.swift in Sources */ = {isa = PBXBuildFile; fileRef = 9ECD921229BF1FA600FCDD2F /* ContentView.swift */; };
		9ECD921529BF1FA700FCDD2F /* Assets.xcassets in Resources */ = {isa = PBXBuildFile; fileRef = 9ECD921429BF1FA700FCDD2F /* Assets.xcassets */; };
		9ECD921829BF1FA700FCDD2F /* Preview Assets.xcassets in Resources */ = {isa = PBXBuildFile; fileRef = 9ECD921729BF1FA700FCDD2F /* Preview Assets.xcassets */; };
		9ECE9A1B2A40743200987E99 /* ButtonType.swift in Sources */ = {isa = PBXBuildFile; fileRef = 9ECE9A1A2A40743200987E99 /* ButtonType.swift */; };
		9ED116BD29ED01610072BA41 /* AddReadingBookTopBarView.swift in Sources */ = {isa = PBXBuildFile; fileRef = 9ED116BC29ED01610072BA41 /* AddReadingBookTopBarView.swift */; };
		9ED116BF29ED034D0072BA41 /* AddReadingBookCenterView.swift in Sources */ = {isa = PBXBuildFile; fileRef = 9ED116BE29ED034D0072BA41 /* AddReadingBookCenterView.swift */; };
		9ED116C129ED04330072BA41 /* AddReadingBookButtonGroupView.swift in Sources */ = {isa = PBXBuildFile; fileRef = 9ED116C029ED04330072BA41 /* AddReadingBookButtonGroupView.swift */; };
		9ED4B5D92A343D0D003BA12C /* TotalPagesCountByCategoryChartView.swift in Sources */ = {isa = PBXBuildFile; fileRef = 9ED4B5D82A343D0D003BA12C /* TotalPagesCountByCategoryChartView.swift */; };
		9ED4B5DB2A34A0B0003BA12C /* DailyPagesReadChartView.swift in Sources */ = {isa = PBXBuildFile; fileRef = 9ED4B5DA2A34A0B0003BA12C /* DailyPagesReadChartView.swift */; };
		9ED4B5DD2A35F60E003BA12C /* MonthlyBooksCompletedChartView.swift in Sources */ = {isa = PBXBuildFile; fileRef = 9ED4B5DC2A35F60E003BA12C /* MonthlyBooksCompletedChartView.swift */; };
		9ED4B5E12A36E2CF003BA12C /* GridBookButton.swift in Sources */ = {isa = PBXBuildFile; fileRef = 9ED4B5E02A36E2CF003BA12C /* GridBookButton.swift */; };
		9ED4CB6129D3E0AA00CA493D /* SearchListTopTabView.swift in Sources */ = {isa = PBXBuildFile; fileRef = 9ED4CB6029D3E0AA00CA493D /* SearchListTopTabView.swift */; };
		9ED4CB6429D3E21C00CA493D /* SearchListTabButton.swift in Sources */ = {isa = PBXBuildFile; fileRef = 9ED4CB6329D3E21C00CA493D /* SearchListTabButton.swift */; };
		9ED4CB6729D4046400CA493D /* SearchSheetView.swift in Sources */ = {isa = PBXBuildFile; fileRef = 9ED4CB6629D4046400CA493D /* SearchSheetView.swift */; };
		9EDA9AFF29D4419B00B4F169 /* SearchSheetTextFieldView.swift in Sources */ = {isa = PBXBuildFile; fileRef = 9EDA9AFE29D4419B00B4F169 /* SearchSheetTextFieldView.swift */; };
		9EDC2FAF29E6DDEF004E792A /* ViewFromType.swift in Sources */ = {isa = PBXBuildFile; fileRef = 9EDC2FAE29E6DDEF004E792A /* ViewFromType.swift */; };
		9EDC2FB129E6E48C004E792A /* UINavigationControllerExtension.swift in Sources */ = {isa = PBXBuildFile; fileRef = 9EDC2FB029E6E48C004E792A /* UINavigationControllerExtension.swift */; };
		9EDC2FB429E6F108004E792A /* AddReadingBookView.swift in Sources */ = {isa = PBXBuildFile; fileRef = 9EDC2FB329E6F108004E792A /* AddReadingBookView.swift */; };
		9EDC2FB729E92E90004E792A /* DatePickerSheetView.swift in Sources */ = {isa = PBXBuildFile; fileRef = 9EDC2FB629E92E90004E792A /* DatePickerSheetView.swift */; };
		9EDC2FBC29EA3811004E792A /* LottieBookView.swift in Sources */ = {isa = PBXBuildFile; fileRef = 9EDC2FBB29EA3811004E792A /* LottieBookView.swift */; };
		9EDC2FBE29EA3898004E792A /* book.json in Resources */ = {isa = PBXBuildFile; fileRef = 9EDC2FBD29EA3898004E792A /* book.json */; };
		9EDEDD3F2A30D692002232B9 /* Lottie in Frameworks */ = {isa = PBXBuildFile; productRef = 9EDEDD3E2A30D692002232B9 /* Lottie */; };
		9EDEDD422A30D6A8002232B9 /* ConfettiSwiftUI in Frameworks */ = {isa = PBXBuildFile; productRef = 9EDEDD412A30D6A8002232B9 /* ConfettiSwiftUI */; };
		9EDEEF852A02963D0036FB1A /* CompleteBookSentenceView.swift in Sources */ = {isa = PBXBuildFile; fileRef = 9EDEEF842A02963D0036FB1A /* CompleteBookSentenceView.swift */; };
		9EE01FEA2A01F2D900584F39 /* CompleteBookScrollView.swift in Sources */ = {isa = PBXBuildFile; fileRef = 9EE01FE92A01F2D900584F39 /* CompleteBookScrollView.swift */; };
		9EE01FEE2A01FAF800584F39 /* CompleteBookBottomTabView.swift in Sources */ = {isa = PBXBuildFile; fileRef = 9EE01FED2A01FAF800584F39 /* CompleteBookBottomTabView.swift */; };
		9EE01FF12A020FAA00584F39 /* CompleteBookOutlineView.swift in Sources */ = {isa = PBXBuildFile; fileRef = 9EE01FF02A020FAA00584F39 /* CompleteBookOutlineView.swift */; };
		9EE01FF32A022D4100584F39 /* CompleteBookAnalysisView.swift in Sources */ = {isa = PBXBuildFile; fileRef = 9EE01FF22A022D4100584F39 /* CompleteBookAnalysisView.swift */; };
		9EF659CF2A386034003CF6A5 /* DeviceKit in Frameworks */ = {isa = PBXBuildFile; productRef = 9EF659CE2A386034003CF6A5 /* DeviceKit */; };
		9EF659D12A397549003CF6A5 /* AnalysisTopBarView.swift in Sources */ = {isa = PBXBuildFile; fileRef = 9EF659D02A397549003CF6A5 /* AnalysisTopBarView.swift */; };
		9EF659D32A397C62003CF6A5 /* AnalysisScrollView.swift in Sources */ = {isa = PBXBuildFile; fileRef = 9EF659D22A397C62003CF6A5 /* AnalysisScrollView.swift */; };
		9EF659D52A39805A003CF6A5 /* AnalysisChartsTabView.swift in Sources */ = {isa = PBXBuildFile; fileRef = 9EF659D42A39805A003CF6A5 /* AnalysisChartsTabView.swift */; };
		9EF659D72A398191003CF6A5 /* AnalysisHighlightTabView.swift in Sources */ = {isa = PBXBuildFile; fileRef = 9EF659D62A398191003CF6A5 /* AnalysisHighlightTabView.swift */; };
		9EF659D92A39A269003CF6A5 /* ScrollYOffset.swift in Sources */ = {isa = PBXBuildFile; fileRef = 9EF659D82A39A269003CF6A5 /* ScrollYOffset.swift */; };
		9EFBE7CF29FFA90800308BAE /* CompleteBookTab.swift in Sources */ = {isa = PBXBuildFile; fileRef = 9EFBE7CE29FFA90800308BAE /* CompleteBookTab.swift */; };
/* End PBXBuildFile section */

/* Begin PBXFileReference section */
		9E04349F29E164CA009A2161 /* BookShelfScrollView.swift */ = {isa = PBXFileReference; lastKnownFileType = sourcecode.swift; path = BookShelfScrollView.swift; sourceTree = "<group>"; };
		9E0434A529E19C48009A2161 /* FavBookButton.swift */ = {isa = PBXFileReference; lastKnownFileType = sourcecode.swift; path = FavBookButton.swift; sourceTree = "<group>"; };
		9E0434A829E24BA5009A2161 /* BookShelfBookListView.swift */ = {isa = PBXFileReference; lastKnownFileType = sourcecode.swift; path = BookShelfBookListView.swift; sourceTree = "<group>"; };
		9E0434AA29E28097009A2161 /* BookSortCriteria.swift */ = {isa = PBXFileReference; lastKnownFileType = sourcecode.swift; path = BookSortCriteria.swift; sourceTree = "<group>"; };
		9E0434AD29E2A38D009A2161 /* NavigationBarItemStyle.swift */ = {isa = PBXFileReference; lastKnownFileType = sourcecode.swift; path = NavigationBarItemStyle.swift; sourceTree = "<group>"; };
		9E0434AF29E2AEFF009A2161 /* NavigationTitleStyle.swift */ = {isa = PBXFileReference; lastKnownFileType = sourcecode.swift; path = NavigationTitleStyle.swift; sourceTree = "<group>"; };
		9E0434B129E3940E009A2161 /* BookShelfBookListTextFieldView.swift */ = {isa = PBXFileReference; lastKnownFileType = sourcecode.swift; path = BookShelfBookListTextFieldView.swift; sourceTree = "<group>"; };
		9E0434B329E39920009A2161 /* BookShelfBookScrollView.swift */ = {isa = PBXFileReference; lastKnownFileType = sourcecode.swift; path = BookShelfBookScrollView.swift; sourceTree = "<group>"; };
		9E0434B529E537BE009A2161 /* CompleteBook.swift */ = {isa = PBXFileReference; lastKnownFileType = sourcecode.swift; path = CompleteBook.swift; sourceTree = "<group>"; };
		9E0434B929E53CA0009A2161 /* ReadingRecord.swift */ = {isa = PBXFileReference; lastKnownFileType = sourcecode.swift; path = ReadingRecord.swift; sourceTree = "<group>"; };
		9E0434BB29E53CD8009A2161 /* CollectSentences.swift */ = {isa = PBXFileReference; lastKnownFileType = sourcecode.swift; path = CollectSentences.swift; sourceTree = "<group>"; };
		9E06070D29DD516D000D542D /* RealmManager.swift */ = {isa = PBXFileReference; lastKnownFileType = sourcecode.swift; path = RealmManager.swift; sourceTree = "<group>"; };
		9E06071329DF9847000D542D /* FavoriteBook.swift */ = {isa = PBXFileReference; lastKnownFileType = sourcecode.swift; path = FavoriteBook.swift; sourceTree = "<group>"; };
		9E06071629DFDC1D000D542D /* BookShelfView.swift */ = {isa = PBXFileReference; lastKnownFileType = sourcecode.swift; path = BookShelfView.swift; sourceTree = "<group>"; };
		9E061D5929F8EB9C0042E3B1 /* HomeCategoryButton.swift */ = {isa = PBXFileReference; lastKnownFileType = sourcecode.swift; path = HomeCategoryButton.swift; sourceTree = "<group>"; };
		9E061D5B29FA90660042E3B1 /* CompleteBookButton.swift */ = {isa = PBXFileReference; lastKnownFileType = sourcecode.swift; path = CompleteBookButton.swift; sourceTree = "<group>"; };
		9E061D6029FAA8890042E3B1 /* SettingsView.swift */ = {isa = PBXFileReference; lastKnownFileType = sourcecode.swift; path = SettingsView.swift; sourceTree = "<group>"; };
		9E0C0A5E29D1D85200F1F5F6 /* ViewExtension.swift */ = {isa = PBXFileReference; lastKnownFileType = sourcecode.swift; path = ViewExtension.swift; sourceTree = "<group>"; };
		9E0C0A6129D1DB4700F1F5F6 /* HomeView.swift */ = {isa = PBXFileReference; lastKnownFileType = sourcecode.swift; path = HomeView.swift; sourceTree = "<group>"; };
		9E0C0A6529D1DF4800F1F5F6 /* HomeTopBarView.swift */ = {isa = PBXFileReference; lastKnownFileType = sourcecode.swift; path = HomeTopBarView.swift; sourceTree = "<group>"; };
		9E0C0A6829D281BF00F1F5F6 /* HapticManager.swift */ = {isa = PBXFileReference; lastKnownFileType = sourcecode.swift; path = HapticManager.swift; sourceTree = "<group>"; };
		9E0C0A6B29D284FD00F1F5F6 /* BookListView.swift */ = {isa = PBXFileReference; lastKnownFileType = sourcecode.swift; path = BookListView.swift; sourceTree = "<group>"; };
		9E0C0A6E29D2856B00F1F5F6 /* AladinAPIManager.swift */ = {isa = PBXFileReference; lastKnownFileType = sourcecode.swift; path = AladinAPIManager.swift; sourceTree = "<group>"; };
		9E0C0A7029D2866100F1F5F6 /* briefBookInfo.swift */ = {isa = PBXFileReference; lastKnownFileType = sourcecode.swift; path = briefBookInfo.swift; sourceTree = "<group>"; };
		9E0C0A7229D28C0300F1F5F6 /* AladinAPI.swift */ = {isa = PBXFileReference; lastKnownFileType = sourcecode.swift; path = AladinAPI.swift; sourceTree = "<group>"; };
		9E0C0A7529D28D3400F1F5F6 /* Info.plist */ = {isa = PBXFileReference; lastKnownFileType = text.plist; path = Info.plist; sourceTree = "<group>"; };
		9E0C0A7629D2B5BC00F1F5F6 /* detailBookInfo.swift */ = {isa = PBXFileReference; lastKnownFileType = sourcecode.swift; path = detailBookInfo.swift; sourceTree = "<group>"; };
		9E0C0A7C29D3D0F900F1F5F6 /* BookListTab.swift */ = {isa = PBXFileReference; lastKnownFileType = sourcecode.swift; path = BookListTab.swift; sourceTree = "<group>"; };
		9E0C0A7E29D3D56A00F1F5F6 /* SearchListTopBarView.swift */ = {isa = PBXFileReference; lastKnownFileType = sourcecode.swift; path = SearchListTopBarView.swift; sourceTree = "<group>"; };
		9E0EF6EF2A0DF4F600747847 /* ActivityCellButton.swift */ = {isa = PBXFileReference; lastKnownFileType = sourcecode.swift; path = ActivityCellButton.swift; sourceTree = "<group>"; };
		9E0EF6F22A0DF56500747847 /* ReadingActivity.swift */ = {isa = PBXFileReference; lastKnownFileType = sourcecode.swift; path = ReadingActivity.swift; sourceTree = "<group>"; };
		9E0EF6F52A0DF78000747847 /* ActivityView.swift */ = {isa = PBXFileReference; lastKnownFileType = sourcecode.swift; path = ActivityView.swift; sourceTree = "<group>"; };
		9E187E062A06853100930388 /* DateExtension.swift */ = {isa = PBXFileReference; lastKnownFileType = sourcecode.swift; path = DateExtension.swift; sourceTree = "<group>"; };
		9E1A36C42A3DEEA6001E5E11 /* BookShelfFavBookTabView.swift */ = {isa = PBXFileReference; lastKnownFileType = sourcecode.swift; path = BookShelfFavBookTabView.swift; sourceTree = "<group>"; };
		9E1A36C62A3DF242001E5E11 /* BookShelfCompBookTabView.swift */ = {isa = PBXFileReference; lastKnownFileType = sourcecode.swift; path = BookShelfCompBookTabView.swift; sourceTree = "<group>"; };
		9E1A36C82A3DF4D2001E5E11 /* BookShelfSummaryTabView.swift */ = {isa = PBXFileReference; lastKnownFileType = sourcecode.swift; path = BookShelfSummaryTabView.swift; sourceTree = "<group>"; };
		9E1C2F9D2A0BADAC00AB0BAE /* CompleteBookEditView.swift */ = {isa = PBXFileReference; lastKnownFileType = sourcecode.swift; path = CompleteBookEditView.swift; sourceTree = "<group>"; };
		9E24DD2D2A14F8B300366640 /* HomeActivityTabView.swift */ = {isa = PBXFileReference; fileEncoding = 4; lastKnownFileType = sourcecode.swift; path = HomeActivityTabView.swift; sourceTree = "<group>"; };
		9E24DD2E2A14F8B400366640 /* HomeScrollView.swift */ = {isa = PBXFileReference; fileEncoding = 4; lastKnownFileType = sourcecode.swift; path = HomeScrollView.swift; sourceTree = "<group>"; };
		9E24DD2F2A14F8B400366640 /* HomeCompleteBookTabView.swift */ = {isa = PBXFileReference; fileEncoding = 4; lastKnownFileType = sourcecode.swift; path = HomeCompleteBookTabView.swift; sourceTree = "<group>"; };
		9E2BA9052A04CBF600FD2E93 /* CompleteBookRenewalSheetView.swift */ = {isa = PBXFileReference; lastKnownFileType = sourcecode.swift; path = CompleteBookRenewalSheetView.swift; sourceTree = "<group>"; };
		9E2BA90B2A051C9100FD2E93 /* CompleteBookDataSheetView.swift */ = {isa = PBXFileReference; lastKnownFileType = sourcecode.swift; path = CompleteBookDataSheetView.swift; sourceTree = "<group>"; };
		9E2C9D562A3C1C0500810B02 /* MainReadingTime.swift */ = {isa = PBXFileReference; lastKnownFileType = sourcecode.swift; path = MainReadingTime.swift; sourceTree = "<group>"; };
		9E459B0A2A19DA7300DB248F /* LeftBottomButtonStyle.swift */ = {isa = PBXFileReference; lastKnownFileType = sourcecode.swift; path = LeftBottomButtonStyle.swift; sourceTree = "<group>"; };
		9E459B0C2A19DA9900DB248F /* RightBottomButtonStyle.swift */ = {isa = PBXFileReference; lastKnownFileType = sourcecode.swift; path = RightBottomButtonStyle.swift; sourceTree = "<group>"; };
		9E4996072A3FCF2400FB7B91 /* BookShelfList.swift */ = {isa = PBXFileReference; lastKnownFileType = sourcecode.swift; path = BookShelfList.swift; sourceTree = "<group>"; };
		9E524DF729D1CF3500FD7B98 /* TabButton.swift */ = {isa = PBXFileReference; lastKnownFileType = sourcecode.swift; path = TabButton.swift; sourceTree = "<group>"; };
		9E524DFA29D1D14C00FD7B98 /* RoundedRectBLBR.swift */ = {isa = PBXFileReference; lastKnownFileType = sourcecode.swift; path = RoundedRectBLBR.swift; sourceTree = "<group>"; };
		9E5283852A223D3200687385 /* ColorExtension.swift */ = {isa = PBXFileReference; lastKnownFileType = sourcecode.swift; path = ColorExtension.swift; sourceTree = "<group>"; };
		9E54A9FB29D5DC9800FE080C /* SearchCategoryButton.swift */ = {isa = PBXFileReference; lastKnownFileType = sourcecode.swift; path = SearchCategoryButton.swift; sourceTree = "<group>"; };
		9E54A9FF29D6704900FE080C /* SearchSheetScrollView.swift */ = {isa = PBXFileReference; lastKnownFileType = sourcecode.swift; path = SearchSheetScrollView.swift; sourceTree = "<group>"; };
		9E54AA0329D6F54B00FE080C /* SearchListBookButton.swift */ = {isa = PBXFileReference; lastKnownFileType = sourcecode.swift; path = SearchListBookButton.swift; sourceTree = "<group>"; };
		9E54AA0529D706F500FE080C /* SearchListScrollView.swift */ = {isa = PBXFileReference; lastKnownFileType = sourcecode.swift; path = SearchListScrollView.swift; sourceTree = "<group>"; };
		9E54AA0729D7C9B500FE080C /* ListBookButton.swift */ = {isa = PBXFileReference; lastKnownFileType = sourcecode.swift; path = ListBookButton.swift; sourceTree = "<group>"; };
		9E54AA0929D7CACB00FE080C /* RoundedRectTRBR.swift */ = {isa = PBXFileReference; lastKnownFileType = sourcecode.swift; path = RoundedRectTRBR.swift; sourceTree = "<group>"; };
		9E54AA0B29D7CF6600FE080C /* RoundedRectTLBL.swift */ = {isa = PBXFileReference; lastKnownFileType = sourcecode.swift; path = RoundedRectTLBL.swift; sourceTree = "<group>"; };
		9E54AA0D29D7D84100FE080C /* StringExtension.swift */ = {isa = PBXFileReference; lastKnownFileType = sourcecode.swift; path = StringExtension.swift; sourceTree = "<group>"; };
		9E595E392A28BE8E00F46F74 /* SentenceCellButton.swift */ = {isa = PBXFileReference; lastKnownFileType = sourcecode.swift; path = SentenceCellButton.swift; sourceTree = "<group>"; };
		9E595E412A2AD8EC00F46F74 /* BookShelfSentenceListView.swift */ = {isa = PBXFileReference; lastKnownFileType = sourcecode.swift; path = BookShelfSentenceListView.swift; sourceTree = "<group>"; };
		9E595E432A2AD9C400F46F74 /* BookShelfSentenceListTextFieldView.swift */ = {isa = PBXFileReference; lastKnownFileType = sourcecode.swift; path = BookShelfSentenceListTextFieldView.swift; sourceTree = "<group>"; };
		9E595E452A2ADDB900F46F74 /* BookShelfSentenceScrollView.swift */ = {isa = PBXFileReference; lastKnownFileType = sourcecode.swift; path = BookShelfSentenceScrollView.swift; sourceTree = "<group>"; };
		9E7A794229DA5B8F00A51856 /* SearchBookView.swift */ = {isa = PBXFileReference; lastKnownFileType = sourcecode.swift; path = SearchBookView.swift; sourceTree = "<group>"; };
		9E7A794429DA6AFF00A51856 /* SearchBookCoverView.swift */ = {isa = PBXFileReference; lastKnownFileType = sourcecode.swift; path = SearchBookCoverView.swift; sourceTree = "<group>"; };
		9E7A794629DA854D00A51856 /* SearchBookMainInfoView.swift */ = {isa = PBXFileReference; lastKnownFileType = sourcecode.swift; path = SearchBookMainInfoView.swift; sourceTree = "<group>"; };
		9E7A794829DA8D7500A51856 /* SearchBookSubInfoView.swift */ = {isa = PBXFileReference; lastKnownFileType = sourcecode.swift; path = SearchBookSubInfoView.swift; sourceTree = "<group>"; };
		9E7A794A29DA8EBD00A51856 /* SearchBookDescView.swift */ = {isa = PBXFileReference; lastKnownFileType = sourcecode.swift; path = SearchBookDescView.swift; sourceTree = "<group>"; };
		9E7A794C29DA998F00A51856 /* SalesPointDescSheetView.swift */ = {isa = PBXFileReference; lastKnownFileType = sourcecode.swift; path = SalesPointDescSheetView.swift; sourceTree = "<group>"; };
		9E7A794F29DAABA000A51856 /* SearchBookButtonGroupView.swift */ = {isa = PBXFileReference; lastKnownFileType = sourcecode.swift; path = SearchBookButtonGroupView.swift; sourceTree = "<group>"; };
		9E7BFC7829F0F24F00D72648 /* AnalysisView.swift */ = {isa = PBXFileReference; lastKnownFileType = sourcecode.swift; path = AnalysisView.swift; sourceTree = "<group>"; };
		9E7D40882A284285007368CF /* AddSentenceSheetView.swift */ = {isa = PBXFileReference; lastKnownFileType = sourcecode.swift; path = AddSentenceSheetView.swift; sourceTree = "<group>"; };
		9E852F1629E1283C00A78EC2 /* BookShelfTopBarView.swift */ = {isa = PBXFileReference; lastKnownFileType = sourcecode.swift; path = BookShelfTopBarView.swift; sourceTree = "<group>"; };
		9E9B35B22A41288C009234ED /* ViewType.swift */ = {isa = PBXFileReference; lastKnownFileType = sourcecode.swift; path = ViewType.swift; sourceTree = "<group>"; };
		9EA1983A2A01F18300D385CD /* CompleteBookTopInfoView.swift */ = {isa = PBXFileReference; fileEncoding = 4; lastKnownFileType = sourcecode.swift; path = CompleteBookTopInfoView.swift; sourceTree = "<group>"; };
		9EA1983B2A01F18300D385CD /* CompleteBookView.swift */ = {isa = PBXFileReference; fileEncoding = 4; lastKnownFileType = sourcecode.swift; path = CompleteBookView.swift; sourceTree = "<group>"; };
		9EA1983C2A01F18300D385CD /* CompleteBookTopBarView.swift */ = {isa = PBXFileReference; fileEncoding = 4; lastKnownFileType = sourcecode.swift; path = CompleteBookTopBarView.swift; sourceTree = "<group>"; };
		9EB749F629D5C3A500610D97 /* Category.swift */ = {isa = PBXFileReference; fileEncoding = 4; lastKnownFileType = sourcecode.swift; path = Category.swift; sourceTree = "<group>"; };
		9EC71F882A15D3A30056C11C /* ActivityTopBarView.swift */ = {isa = PBXFileReference; lastKnownFileType = sourcecode.swift; path = ActivityTopBarView.swift; sourceTree = "<group>"; };
		9EC71F8A2A15D50F0056C11C /* ActivityScrollView.swift */ = {isa = PBXFileReference; lastKnownFileType = sourcecode.swift; path = ActivityScrollView.swift; sourceTree = "<group>"; };
		9EC71F8C2A15DEEE0056C11C /* MonthlyReadingActivity.swift */ = {isa = PBXFileReference; lastKnownFileType = sourcecode.swift; path = MonthlyReadingActivity.swift; sourceTree = "<group>"; };
		9EC71F902A1715690056C11C /* CompleteBookTabButton.swift */ = {isa = PBXFileReference; lastKnownFileType = sourcecode.swift; path = CompleteBookTabButton.swift; sourceTree = "<group>"; };
		9EC71F932A174A410056C11C /* BottomButtonStyle.swift */ = {isa = PBXFileReference; lastKnownFileType = sourcecode.swift; path = BottomButtonStyle.swift; sourceTree = "<group>"; };
		9EC71F952A17512A0056C11C /* RoundedRect.swift */ = {isa = PBXFileReference; lastKnownFileType = sourcecode.swift; path = RoundedRect.swift; sourceTree = "<group>"; };
		9EC71F972A177D930056C11C /* ResultsExtension.swift */ = {isa = PBXFileReference; lastKnownFileType = sourcecode.swift; path = ResultsExtension.swift; sourceTree = "<group>"; };
		9EC71F992A1782B70056C11C /* ArrayExtension.swift */ = {isa = PBXFileReference; lastKnownFileType = sourcecode.swift; path = ArrayExtension.swift; sourceTree = "<group>"; };
		9EC88D612A11F76400C2701F /* CompleteBookConfettiView.swift */ = {isa = PBXFileReference; lastKnownFileType = sourcecode.swift; path = CompleteBookConfettiView.swift; sourceTree = "<group>"; };
		9ECA326829D11C02004D6D5B /* CustomMainTabView.swift */ = {isa = PBXFileReference; lastKnownFileType = sourcecode.swift; path = CustomMainTabView.swift; sourceTree = "<group>"; };
		9ECA326A29D12044004D6D5B /* CustomTab.swift */ = {isa = PBXFileReference; lastKnownFileType = sourcecode.swift; path = CustomTab.swift; sourceTree = "<group>"; };
		9ECD920D29BF1FA600FCDD2F /* BookyBooky.app */ = {isa = PBXFileReference; explicitFileType = wrapper.application; includeInIndex = 0; path = BookyBooky.app; sourceTree = BUILT_PRODUCTS_DIR; };
		9ECD921029BF1FA600FCDD2F /* BookyBookyApp.swift */ = {isa = PBXFileReference; lastKnownFileType = sourcecode.swift; path = BookyBookyApp.swift; sourceTree = "<group>"; };
		9ECD921229BF1FA600FCDD2F /* ContentView.swift */ = {isa = PBXFileReference; lastKnownFileType = sourcecode.swift; path = ContentView.swift; sourceTree = "<group>"; };
		9ECD921429BF1FA700FCDD2F /* Assets.xcassets */ = {isa = PBXFileReference; lastKnownFileType = folder.assetcatalog; path = Assets.xcassets; sourceTree = "<group>"; };
		9ECD921729BF1FA700FCDD2F /* Preview Assets.xcassets */ = {isa = PBXFileReference; lastKnownFileType = folder.assetcatalog; path = "Preview Assets.xcassets"; sourceTree = "<group>"; };
		9ECE9A1A2A40743200987E99 /* ButtonType.swift */ = {isa = PBXFileReference; lastKnownFileType = sourcecode.swift; path = ButtonType.swift; sourceTree = "<group>"; };
		9ED116BC29ED01610072BA41 /* AddReadingBookTopBarView.swift */ = {isa = PBXFileReference; lastKnownFileType = sourcecode.swift; path = AddReadingBookTopBarView.swift; sourceTree = "<group>"; };
		9ED116BE29ED034D0072BA41 /* AddReadingBookCenterView.swift */ = {isa = PBXFileReference; lastKnownFileType = sourcecode.swift; path = AddReadingBookCenterView.swift; sourceTree = "<group>"; };
		9ED116C029ED04330072BA41 /* AddReadingBookButtonGroupView.swift */ = {isa = PBXFileReference; lastKnownFileType = sourcecode.swift; path = AddReadingBookButtonGroupView.swift; sourceTree = "<group>"; };
		9ED4B5D82A343D0D003BA12C /* TotalPagesCountByCategoryChartView.swift */ = {isa = PBXFileReference; lastKnownFileType = sourcecode.swift; path = TotalPagesCountByCategoryChartView.swift; sourceTree = "<group>"; };
		9ED4B5DA2A34A0B0003BA12C /* DailyPagesReadChartView.swift */ = {isa = PBXFileReference; lastKnownFileType = sourcecode.swift; path = DailyPagesReadChartView.swift; sourceTree = "<group>"; };
		9ED4B5DC2A35F60E003BA12C /* MonthlyBooksCompletedChartView.swift */ = {isa = PBXFileReference; lastKnownFileType = sourcecode.swift; path = MonthlyBooksCompletedChartView.swift; sourceTree = "<group>"; };
		9ED4B5E02A36E2CF003BA12C /* GridBookButton.swift */ = {isa = PBXFileReference; lastKnownFileType = sourcecode.swift; path = GridBookButton.swift; sourceTree = "<group>"; };
		9ED4CB6029D3E0AA00CA493D /* SearchListTopTabView.swift */ = {isa = PBXFileReference; lastKnownFileType = sourcecode.swift; path = SearchListTopTabView.swift; sourceTree = "<group>"; };
		9ED4CB6329D3E21C00CA493D /* SearchListTabButton.swift */ = {isa = PBXFileReference; lastKnownFileType = sourcecode.swift; path = SearchListTabButton.swift; sourceTree = "<group>"; };
		9ED4CB6629D4046400CA493D /* SearchSheetView.swift */ = {isa = PBXFileReference; lastKnownFileType = sourcecode.swift; path = SearchSheetView.swift; sourceTree = "<group>"; };
		9EDA9AFE29D4419B00B4F169 /* SearchSheetTextFieldView.swift */ = {isa = PBXFileReference; lastKnownFileType = sourcecode.swift; path = SearchSheetTextFieldView.swift; sourceTree = "<group>"; };
		9EDC2FAE29E6DDEF004E792A /* ViewFromType.swift */ = {isa = PBXFileReference; lastKnownFileType = sourcecode.swift; path = ViewFromType.swift; sourceTree = "<group>"; };
		9EDC2FB029E6E48C004E792A /* UINavigationControllerExtension.swift */ = {isa = PBXFileReference; lastKnownFileType = sourcecode.swift; path = UINavigationControllerExtension.swift; sourceTree = "<group>"; };
		9EDC2FB329E6F108004E792A /* AddReadingBookView.swift */ = {isa = PBXFileReference; lastKnownFileType = sourcecode.swift; path = AddReadingBookView.swift; sourceTree = "<group>"; };
		9EDC2FB629E92E90004E792A /* DatePickerSheetView.swift */ = {isa = PBXFileReference; lastKnownFileType = sourcecode.swift; path = DatePickerSheetView.swift; sourceTree = "<group>"; };
		9EDC2FBB29EA3811004E792A /* LottieBookView.swift */ = {isa = PBXFileReference; lastKnownFileType = sourcecode.swift; path = LottieBookView.swift; sourceTree = "<group>"; };
		9EDC2FBD29EA3898004E792A /* book.json */ = {isa = PBXFileReference; fileEncoding = 4; lastKnownFileType = text.json; path = book.json; sourceTree = "<group>"; };
		9EDEEF842A02963D0036FB1A /* CompleteBookSentenceView.swift */ = {isa = PBXFileReference; lastKnownFileType = sourcecode.swift; path = CompleteBookSentenceView.swift; sourceTree = "<group>"; };
		9EE01FE92A01F2D900584F39 /* CompleteBookScrollView.swift */ = {isa = PBXFileReference; lastKnownFileType = sourcecode.swift; path = CompleteBookScrollView.swift; sourceTree = "<group>"; };
		9EE01FED2A01FAF800584F39 /* CompleteBookBottomTabView.swift */ = {isa = PBXFileReference; lastKnownFileType = sourcecode.swift; path = CompleteBookBottomTabView.swift; sourceTree = "<group>"; };
		9EE01FF02A020FAA00584F39 /* CompleteBookOutlineView.swift */ = {isa = PBXFileReference; lastKnownFileType = sourcecode.swift; path = CompleteBookOutlineView.swift; sourceTree = "<group>"; };
		9EE01FF22A022D4100584F39 /* CompleteBookAnalysisView.swift */ = {isa = PBXFileReference; lastKnownFileType = sourcecode.swift; path = CompleteBookAnalysisView.swift; sourceTree = "<group>"; };
		9EF659D02A397549003CF6A5 /* AnalysisTopBarView.swift */ = {isa = PBXFileReference; lastKnownFileType = sourcecode.swift; path = AnalysisTopBarView.swift; sourceTree = "<group>"; };
		9EF659D22A397C62003CF6A5 /* AnalysisScrollView.swift */ = {isa = PBXFileReference; lastKnownFileType = sourcecode.swift; path = AnalysisScrollView.swift; sourceTree = "<group>"; };
		9EF659D42A39805A003CF6A5 /* AnalysisChartsTabView.swift */ = {isa = PBXFileReference; lastKnownFileType = sourcecode.swift; path = AnalysisChartsTabView.swift; sourceTree = "<group>"; };
		9EF659D62A398191003CF6A5 /* AnalysisHighlightTabView.swift */ = {isa = PBXFileReference; lastKnownFileType = sourcecode.swift; path = AnalysisHighlightTabView.swift; sourceTree = "<group>"; };
		9EF659D82A39A269003CF6A5 /* ScrollYOffset.swift */ = {isa = PBXFileReference; lastKnownFileType = sourcecode.swift; path = ScrollYOffset.swift; sourceTree = "<group>"; };
		9EFBE7CE29FFA90800308BAE /* CompleteBookTab.swift */ = {isa = PBXFileReference; lastKnownFileType = sourcecode.swift; path = CompleteBookTab.swift; sourceTree = "<group>"; };
/* End PBXFileReference section */

/* Begin PBXFrameworksBuildPhase section */
		9ECD920A29BF1FA600FCDD2F /* Frameworks */ = {
			isa = PBXFrameworksBuildPhase;
			buildActionMask = 2147483647;
			files = (
				9EB1360B2A30D6500081832D /* Shimmer in Frameworks */,
				9EF659CF2A386034003CF6A5 /* DeviceKit in Frameworks */,
				9EB136082A30D63E0081832D /* RealmSwift in Frameworks */,
				9EB136062A30D63E0081832D /* Realm in Frameworks */,
				9EB1360E2A30D65B0081832D /* AlertToast in Frameworks */,
				9EB136032A30D61D0081832D /* Alamofire in Frameworks */,
				9EDEDD3F2A30D692002232B9 /* Lottie in Frameworks */,
				9EDEDD422A30D6A8002232B9 /* ConfettiSwiftUI in Frameworks */,
			);
			runOnlyForDeploymentPostprocessing = 0;
		};
/* End PBXFrameworksBuildPhase section */

/* Begin PBXGroup section */
		9E0434A429E19C36009A2161 /* Components */ = {
			isa = PBXGroup;
			children = (
				9E0434A529E19C48009A2161 /* FavBookButton.swift */,
			);
			path = Components;
			sourceTree = "<group>";
		};
		9E0434A729E24B90009A2161 /* BookShelfBookListView */ = {
			isa = PBXGroup;
			children = (
				9E0434A829E24BA5009A2161 /* BookShelfBookListView.swift */,
				9E0434B129E3940E009A2161 /* BookShelfBookListTextFieldView.swift */,
				9E0434B329E39920009A2161 /* BookShelfBookScrollView.swift */,
			);
			path = BookShelfBookListView;
			sourceTree = "<group>";
		};
		9E0434AC29E2A374009A2161 /* Modifier */ = {
			isa = PBXGroup;
			children = (
				9E0434AF29E2AEFF009A2161 /* NavigationTitleStyle.swift */,
				9E0434AD29E2A38D009A2161 /* NavigationBarItemStyle.swift */,
				9EF659D82A39A269003CF6A5 /* ScrollYOffset.swift */,
			);
			path = Modifier;
			sourceTree = "<group>";
		};
		9E0434B729E53C5A009A2161 /* AladinAPI */ = {
			isa = PBXGroup;
			children = (
				9E0C0A7029D2866100F1F5F6 /* briefBookInfo.swift */,
				9E0C0A7629D2B5BC00F1F5F6 /* detailBookInfo.swift */,
			);
			path = AladinAPI;
			sourceTree = "<group>";
		};
		9E0434B829E53C66009A2161 /* Realm */ = {
			isa = PBXGroup;
			children = (
				9E06071329DF9847000D542D /* FavoriteBook.swift */,
				9E0434B529E537BE009A2161 /* CompleteBook.swift */,
				9E0434B929E53CA0009A2161 /* ReadingRecord.swift */,
				9E0434BB29E53CD8009A2161 /* CollectSentences.swift */,
			);
			path = Realm;
			sourceTree = "<group>";
		};
		9E06070C29DD5160000D542D /* Managers */ = {
			isa = PBXGroup;
			children = (
				9E06070D29DD516D000D542D /* RealmManager.swift */,
				9E0C0A6E29D2856B00F1F5F6 /* AladinAPIManager.swift */,
				9E0C0A6829D281BF00F1F5F6 /* HapticManager.swift */,
			);
			path = Managers;
			sourceTree = "<group>";
		};
		9E06071529DFDC05000D542D /* BookShelfView */ = {
			isa = PBXGroup;
			children = (
				9E06071629DFDC1D000D542D /* BookShelfView.swift */,
				9E852F1629E1283C00A78EC2 /* BookShelfTopBarView.swift */,
				9E04349F29E164CA009A2161 /* BookShelfScrollView.swift */,
				9E1A36C82A3DF4D2001E5E11 /* BookShelfSummaryTabView.swift */,
				9E1A36C42A3DEEA6001E5E11 /* BookShelfFavBookTabView.swift */,
				9E1A36C62A3DF242001E5E11 /* BookShelfCompBookTabView.swift */,
				9E0434A429E19C36009A2161 /* Components */,
			);
			path = BookShelfView;
			sourceTree = "<group>";
		};
		9E061D5829F8E96D0042E3B1 /* Components */ = {
			isa = PBXGroup;
			children = (
				9E061D5929F8EB9C0042E3B1 /* HomeCategoryButton.swift */,
				9E061D5B29FA90660042E3B1 /* CompleteBookButton.swift */,
			);
			path = Components;
			sourceTree = "<group>";
		};
		9E061D5F29FAA87C0042E3B1 /* SettingsView */ = {
			isa = PBXGroup;
			children = (
				9E061D6029FAA8890042E3B1 /* SettingsView.swift */,
			);
			path = SettingsView;
			sourceTree = "<group>";
		};
		9E0C0A6029D1D85500F1F5F6 /* Extensions */ = {
			isa = PBXGroup;
			children = (
				9E0C0A5E29D1D85200F1F5F6 /* ViewExtension.swift */,
				9E187E062A06853100930388 /* DateExtension.swift */,
				9E54AA0D29D7D84100FE080C /* StringExtension.swift */,
				9E5283852A223D3200687385 /* ColorExtension.swift */,
				9EC71F992A1782B70056C11C /* ArrayExtension.swift */,
				9EC71F972A177D930056C11C /* ResultsExtension.swift */,
				9EDC2FB029E6E48C004E792A /* UINavigationControllerExtension.swift */,
			);
			path = Extensions;
			sourceTree = "<group>";
		};
		9E0C0A6329D1DB4B00F1F5F6 /* HomeView */ = {
			isa = PBXGroup;
			children = (
				9E0C0A6129D1DB4700F1F5F6 /* HomeView.swift */,
				9E0C0A6529D1DF4800F1F5F6 /* HomeTopBarView.swift */,
				9E24DD2E2A14F8B400366640 /* HomeScrollView.swift */,
				9E24DD2D2A14F8B300366640 /* HomeActivityTabView.swift */,
				9E24DD2F2A14F8B400366640 /* HomeCompleteBookTabView.swift */,
				9E061D5829F8E96D0042E3B1 /* Components */,
			);
			path = HomeView;
			sourceTree = "<group>";
		};
		9E0C0A6429D1DB5200F1F5F6 /* Components */ = {
			isa = PBXGroup;
			children = (
				9E524DF729D1CF3500FD7B98 /* TabButton.swift */,
			);
			path = Components;
			sourceTree = "<group>";
		};
		9E0C0A6A29D284ED00F1F5F6 /* SearchListView */ = {
			isa = PBXGroup;
			children = (
				9E0C0A6B29D284FD00F1F5F6 /* BookListView.swift */,
				9E0C0A7E29D3D56A00F1F5F6 /* SearchListTopBarView.swift */,
				9ED4CB6029D3E0AA00CA493D /* SearchListTopTabView.swift */,
				9E54AA0529D706F500FE080C /* SearchListScrollView.swift */,
				9ED4CB6229D3E20B00CA493D /* Components */,
			);
			path = SearchListView;
			sourceTree = "<group>";
		};
		9E0C0A7429D28C0600F1F5F6 /* Settings */ = {
			isa = PBXGroup;
			children = (
				9E0C0A7229D28C0300F1F5F6 /* AladinAPI.swift */,
			);
			path = Settings;
			sourceTree = "<group>";
		};
		9E0EF6F12A0DF55600747847 /* App */ = {
			isa = PBXGroup;
			children = (
				9E0EF6F22A0DF56500747847 /* ReadingActivity.swift */,
				9EC71F8C2A15DEEE0056C11C /* MonthlyReadingActivity.swift */,
			);
			path = App;
			sourceTree = "<group>";
		};
		9E0EF6F42A0DF74100747847 /* ActivityView  */ = {
			isa = PBXGroup;
			children = (
				9E0EF6F52A0DF78000747847 /* ActivityView.swift */,
				9EC71F882A15D3A30056C11C /* ActivityTopBarView.swift */,
				9EC71F8A2A15D50F0056C11C /* ActivityScrollView.swift */,
				9E0EF6F72A0DF78500747847 /* Components */,
			);
			name = "ActivityView ";
			sourceTree = "<group>";
		};
		9E0EF6F72A0DF78500747847 /* Components */ = {
			isa = PBXGroup;
			children = (
				9E0EF6EF2A0DF4F600747847 /* ActivityCellButton.swift */,
			);
			name = Components;
			sourceTree = "<group>";
		};
		9E524DF929D1D13700FD7B98 /* Shapes */ = {
			isa = PBXGroup;
			children = (
				9EC71F952A17512A0056C11C /* RoundedRect.swift */,
				9E54AA0929D7CACB00FE080C /* RoundedRectTRBR.swift */,
				9E524DFA29D1D14C00FD7B98 /* RoundedRectBLBR.swift */,
				9E54AA0B29D7CF6600FE080C /* RoundedRectTLBL.swift */,
			);
			path = Shapes;
			sourceTree = "<group>";
		};
		9E54A9FD29D66BD100FE080C /* SearchSheetView */ = {
			isa = PBXGroup;
			children = (
				9ED4CB6629D4046400CA493D /* SearchSheetView.swift */,
				9EDA9AFE29D4419B00B4F169 /* SearchSheetTextFieldView.swift */,
				9E54A9FF29D6704900FE080C /* SearchSheetScrollView.swift */,
				9E54A9FE29D66BE600FE080C /* Components */,
			);
			path = SearchSheetView;
			sourceTree = "<group>";
		};
		9E54A9FE29D66BE600FE080C /* Components */ = {
			isa = PBXGroup;
			children = (
				9E54AA0729D7C9B500FE080C /* ListBookButton.swift */,
				9ED4B5E02A36E2CF003BA12C /* GridBookButton.swift */,
				9E54A9FB29D5DC9800FE080C /* SearchCategoryButton.swift */,
			);
			path = Components;
			sourceTree = "<group>";
		};
		9E595E402A2AD8DB00F46F74 /* BookShelfSentenceListView */ = {
			isa = PBXGroup;
			children = (
				9E595E412A2AD8EC00F46F74 /* BookShelfSentenceListView.swift */,
				9E595E432A2AD9C400F46F74 /* BookShelfSentenceListTextFieldView.swift */,
				9E595E452A2ADDB900F46F74 /* BookShelfSentenceScrollView.swift */,
			);
			path = BookShelfSentenceListView;
			sourceTree = "<group>";
		};
		9E7A794129DA5B7C00A51856 /* SearchBookView */ = {
			isa = PBXGroup;
			children = (
				9E7A794229DA5B8F00A51856 /* SearchBookView.swift */,
				9E7A794429DA6AFF00A51856 /* SearchBookCoverView.swift */,
				9E7A794629DA854D00A51856 /* SearchBookMainInfoView.swift */,
				9E7A794829DA8D7500A51856 /* SearchBookSubInfoView.swift */,
				9E7A794A29DA8EBD00A51856 /* SearchBookDescView.swift */,
				9E7A794F29DAABA000A51856 /* SearchBookButtonGroupView.swift */,
				9E7A794C29DA998F00A51856 /* SalesPointDescSheetView.swift */,
			);
			path = SearchBookView;
			sourceTree = "<group>";
		};
		9E7BFC7729F0F23D00D72648 /* AnalysisView */ = {
			isa = PBXGroup;
			children = (
				9E7BFC7829F0F24F00D72648 /* AnalysisView.swift */,
				9EF659D02A397549003CF6A5 /* AnalysisTopBarView.swift */,
				9EF659D22A397C62003CF6A5 /* AnalysisScrollView.swift */,
				9EF659D42A39805A003CF6A5 /* AnalysisChartsTabView.swift */,
				9EF659D62A398191003CF6A5 /* AnalysisHighlightTabView.swift */,
				9ED4B5DA2A34A0B0003BA12C /* DailyPagesReadChartView.swift */,
				9ED4B5D82A343D0D003BA12C /* TotalPagesCountByCategoryChartView.swift */,
				9ED4B5DC2A35F60E003BA12C /* MonthlyBooksCompletedChartView.swift */,
			);
			path = AnalysisView;
			sourceTree = "<group>";
		};
		9E7D40872A28426D007368CF /* AddSentenceSheetView */ = {
			isa = PBXGroup;
			children = (
				9E7D40882A284285007368CF /* AddSentenceSheetView.swift */,
			);
			name = AddSentenceSheetView;
			sourceTree = "<group>";
		};
		9EA198392A01F18300D385CD /* CompleteBookView */ = {
			isa = PBXGroup;
			children = (
				9EA1983B2A01F18300D385CD /* CompleteBookView.swift */,
				9EA1983C2A01F18300D385CD /* CompleteBookTopBarView.swift */,
				9EE01FE92A01F2D900584F39 /* CompleteBookScrollView.swift */,
				9EA1983A2A01F18300D385CD /* CompleteBookTopInfoView.swift */,
				9EE01FED2A01FAF800584F39 /* CompleteBookBottomTabView.swift */,
				9E1C2F9D2A0BADAC00AB0BAE /* CompleteBookEditView.swift */,
				9EE01FF02A020FAA00584F39 /* CompleteBookOutlineView.swift */,
				9E2BA9052A04CBF600FD2E93 /* CompleteBookRenewalSheetView.swift */,
				9EE01FF22A022D4100584F39 /* CompleteBookAnalysisView.swift */,
				9EDEEF842A02963D0036FB1A /* CompleteBookSentenceView.swift */,
				9E2BA90B2A051C9100FD2E93 /* CompleteBookDataSheetView.swift */,
				9EC88D612A11F76400C2701F /* CompleteBookConfettiView.swift */,
				9EE01FEF2A020F8000584F39 /* Components */,
			);
			path = CompleteBookView;
			sourceTree = "<group>";
		};
		9EB749F329D5C26100610D97 /* Enums */ = {
			isa = PBXGroup;
			children = (
				9EB749F629D5C3A500610D97 /* Category.swift */,
				9E2C9D562A3C1C0500810B02 /* MainReadingTime.swift */,
				9E9B35B22A41288C009234ED /* ViewType.swift */,
				9ECE9A1A2A40743200987E99 /* ButtonType.swift */,
				9EDC2FAE29E6DDEF004E792A /* ViewFromType.swift */,
				9E4996072A3FCF2400FB7B91 /* BookShelfList.swift */,
				9ECA326A29D12044004D6D5B /* CustomTab.swift */,
				9E0C0A7C29D3D0F900F1F5F6 /* BookListTab.swift */,
				9EFBE7CE29FFA90800308BAE /* CompleteBookTab.swift */,
				9E0434AA29E28097009A2161 /* BookSortCriteria.swift */,
			);
			path = Enums;
			sourceTree = "<group>";
		};
		9EC71F922A174A2E0056C11C /* Styles */ = {
			isa = PBXGroup;
			children = (
				9EC71F932A174A410056C11C /* BottomButtonStyle.swift */,
				9E459B0A2A19DA7300DB248F /* LeftBottomButtonStyle.swift */,
				9E459B0C2A19DA9900DB248F /* RightBottomButtonStyle.swift */,
			);
			path = Styles;
			sourceTree = "<group>";
		};
		9ECA326529D11B93004D6D5B /* Views */ = {
			isa = PBXGroup;
			children = (
				9ECD921229BF1FA600FCDD2F /* ContentView.swift */,
				9E0C0A6329D1DB4B00F1F5F6 /* HomeView */,
				9E0EF6F42A0DF74100747847 /* ActivityView  */,
				9EA198392A01F18300D385CD /* CompleteBookView */,
				9E7D40872A28426D007368CF /* AddSentenceSheetView */,
				9E0C0A6A29D284ED00F1F5F6 /* SearchListView */,
				9E54A9FD29D66BD100FE080C /* SearchSheetView */,
				9E7A794129DA5B7C00A51856 /* SearchBookView */,
				9EDC2FB229E6F0F8004E792A /* AddReadingBookView */,
				9E06071529DFDC05000D542D /* BookShelfView */,
				9E0434A729E24B90009A2161 /* BookShelfBookListView */,
				9E595E402A2AD8DB00F46F74 /* BookShelfSentenceListView */,
				9E7BFC7729F0F23D00D72648 /* AnalysisView */,
				9E061D5F29FAA87C0042E3B1 /* SettingsView */,
				9ECA326629D11BB4004D6D5B /* CustomMainTabView */,
			);
			path = Views;
			sourceTree = "<group>";
		};
		9ECA326629D11BB4004D6D5B /* CustomMainTabView */ = {
			isa = PBXGroup;
			children = (
				9ECA326829D11C02004D6D5B /* CustomMainTabView.swift */,
				9E0C0A6429D1DB5200F1F5F6 /* Components */,
			);
			path = CustomMainTabView;
			sourceTree = "<group>";
		};
		9ECA326729D11BC1004D6D5B /* Models */ = {
			isa = PBXGroup;
			children = (
				9E0EF6F12A0DF55600747847 /* App */,
				9E0434B829E53C66009A2161 /* Realm */,
				9E0434B729E53C5A009A2161 /* AladinAPI */,
			);
			path = Models;
			sourceTree = "<group>";
		};
		9ECD920429BF1FA600FCDD2F = {
			isa = PBXGroup;
			children = (
				9ECD920F29BF1FA600FCDD2F /* BookyBooky */,
				9ECD920E29BF1FA600FCDD2F /* Products */,
			);
			sourceTree = "<group>";
		};
		9ECD920E29BF1FA600FCDD2F /* Products */ = {
			isa = PBXGroup;
			children = (
				9ECD920D29BF1FA600FCDD2F /* BookyBooky.app */,
			);
			name = Products;
			sourceTree = "<group>";
		};
		9ECD920F29BF1FA600FCDD2F /* BookyBooky */ = {
			isa = PBXGroup;
			children = (
				9E0C0A7529D28D3400F1F5F6 /* Info.plist */,
				9ECD921029BF1FA600FCDD2F /* BookyBookyApp.swift */,
				9ECA326529D11B93004D6D5B /* Views */,
				9E0C0A6029D1D85500F1F5F6 /* Extensions */,
				9EC71F922A174A2E0056C11C /* Styles */,
				9E0434AC29E2A374009A2161 /* Modifier */,
				9E524DF929D1D13700FD7B98 /* Shapes */,
				9E06070C29DD5160000D542D /* Managers */,
				9ECA326729D11BC1004D6D5B /* Models */,
				9EB749F329D5C26100610D97 /* Enums */,
				9E0C0A7429D28C0600F1F5F6 /* Settings */,
				9EDC2FBF29EA38AD004E792A /* Resources */,
				9ECD921429BF1FA700FCDD2F /* Assets.xcassets */,
				9ECD921629BF1FA700FCDD2F /* Preview Content */,
			);
			path = BookyBooky;
			sourceTree = "<group>";
		};
		9ECD921629BF1FA700FCDD2F /* Preview Content */ = {
			isa = PBXGroup;
			children = (
				9ECD921729BF1FA700FCDD2F /* Preview Assets.xcassets */,
			);
			path = "Preview Content";
			sourceTree = "<group>";
		};
		9ED4CB6229D3E20B00CA493D /* Components */ = {
			isa = PBXGroup;
			children = (
				9ED4CB6329D3E21C00CA493D /* SearchListTabButton.swift */,
				9E54AA0329D6F54B00FE080C /* SearchListBookButton.swift */,
			);
			path = Components;
			sourceTree = "<group>";
		};
		9EDC2FB229E6F0F8004E792A /* AddReadingBookView */ = {
			isa = PBXGroup;
			children = (
				9EDC2FB329E6F108004E792A /* AddReadingBookView.swift */,
				9ED116BC29ED01610072BA41 /* AddReadingBookTopBarView.swift */,
				9ED116BE29ED034D0072BA41 /* AddReadingBookCenterView.swift */,
				9ED116C029ED04330072BA41 /* AddReadingBookButtonGroupView.swift */,
				9EDC2FB629E92E90004E792A /* DatePickerSheetView.swift */,
				9EDC2FBB29EA3811004E792A /* LottieBookView.swift */,
			);
			path = AddReadingBookView;
			sourceTree = "<group>";
		};
		9EDC2FBF29EA38AD004E792A /* Resources */ = {
			isa = PBXGroup;
			children = (
				9EDC2FBD29EA3898004E792A /* book.json */,
			);
			path = Resources;
			sourceTree = "<group>";
		};
		9EE01FEF2A020F8000584F39 /* Components */ = {
			isa = PBXGroup;
			children = (
				9EC71F902A1715690056C11C /* CompleteBookTabButton.swift */,
				9E595E392A28BE8E00F46F74 /* SentenceCellButton.swift */,
			);
			path = Components;
			sourceTree = "<group>";
		};
/* End PBXGroup section */

/* Begin PBXNativeTarget section */
		9ECD920C29BF1FA600FCDD2F /* BookyBooky */ = {
			isa = PBXNativeTarget;
			buildConfigurationList = 9ECD921B29BF1FA700FCDD2F /* Build configuration list for PBXNativeTarget "BookyBooky" */;
			buildPhases = (
				9ECD920929BF1FA600FCDD2F /* Sources */,
				9ECD920A29BF1FA600FCDD2F /* Frameworks */,
				9ECD920B29BF1FA600FCDD2F /* Resources */,
			);
			buildRules = (
			);
			dependencies = (
			);
			name = BookyBooky;
			packageProductDependencies = (
				9EB136022A30D61D0081832D /* Alamofire */,
				9EB136052A30D63E0081832D /* Realm */,
				9EB136072A30D63E0081832D /* RealmSwift */,
				9EB1360A2A30D6500081832D /* Shimmer */,
				9EB1360D2A30D65B0081832D /* AlertToast */,
				9EDEDD3E2A30D692002232B9 /* Lottie */,
				9EDEDD412A30D6A8002232B9 /* ConfettiSwiftUI */,
				9EF659CE2A386034003CF6A5 /* DeviceKit */,
			);
			productName = BookyBooky;
			productReference = 9ECD920D29BF1FA600FCDD2F /* BookyBooky.app */;
			productType = "com.apple.product-type.application";
		};
/* End PBXNativeTarget section */

/* Begin PBXProject section */
		9ECD920529BF1FA600FCDD2F /* Project object */ = {
			isa = PBXProject;
			attributes = {
				BuildIndependentTargetsInParallel = 1;
				LastSwiftUpdateCheck = 1420;
				LastUpgradeCheck = 1420;
				TargetAttributes = {
					9ECD920C29BF1FA600FCDD2F = {
						CreatedOnToolsVersion = 14.2;
					};
				};
			};
			buildConfigurationList = 9ECD920829BF1FA600FCDD2F /* Build configuration list for PBXProject "BookyBooky" */;
			compatibilityVersion = "Xcode 14.0";
			developmentRegion = en;
			hasScannedForEncodings = 0;
			knownRegions = (
				en,
				Base,
			);
			mainGroup = 9ECD920429BF1FA600FCDD2F;
			packageReferences = (
				9EB136012A30D61D0081832D /* XCRemoteSwiftPackageReference "Alamofire" */,
				9EB136042A30D63E0081832D /* XCRemoteSwiftPackageReference "realm-swift" */,
				9EB136092A30D6500081832D /* XCRemoteSwiftPackageReference "SwiftUI-Shimmer" */,
				9EB1360C2A30D65B0081832D /* XCRemoteSwiftPackageReference "AlertToast" */,
				9EDEDD3D2A30D692002232B9 /* XCRemoteSwiftPackageReference "lottie-ios" */,
				9EDEDD402A30D6A8002232B9 /* XCRemoteSwiftPackageReference "ConfettiSwiftUI" */,
				9EF659CD2A386034003CF6A5 /* XCRemoteSwiftPackageReference "DeviceKit" */,
			);
			productRefGroup = 9ECD920E29BF1FA600FCDD2F /* Products */;
			projectDirPath = "";
			projectRoot = "";
			targets = (
				9ECD920C29BF1FA600FCDD2F /* BookyBooky */,
			);
		};
/* End PBXProject section */

/* Begin PBXResourcesBuildPhase section */
		9ECD920B29BF1FA600FCDD2F /* Resources */ = {
			isa = PBXResourcesBuildPhase;
			buildActionMask = 2147483647;
			files = (
				9ECD921829BF1FA700FCDD2F /* Preview Assets.xcassets in Resources */,
				9ECD921529BF1FA700FCDD2F /* Assets.xcassets in Resources */,
				9EDC2FBE29EA3898004E792A /* book.json in Resources */,
			);
			runOnlyForDeploymentPostprocessing = 0;
		};
/* End PBXResourcesBuildPhase section */

/* Begin PBXSourcesBuildPhase section */
		9ECD920929BF1FA600FCDD2F /* Sources */ = {
			isa = PBXSourcesBuildPhase;
			buildActionMask = 2147483647;
			files = (
				9E0EF6F32A0DF56500747847 /* ReadingActivity.swift in Sources */,
				9ECE9A1B2A40743200987E99 /* ButtonType.swift in Sources */,
				9EF659D52A39805A003CF6A5 /* AnalysisChartsTabView.swift in Sources */,
				9ED4B5E12A36E2CF003BA12C /* GridBookButton.swift in Sources */,
				9E1A36C52A3DEEA6001E5E11 /* BookShelfFavBookTabView.swift in Sources */,
				9E0434A929E24BA5009A2161 /* BookShelfBookListView.swift in Sources */,
				9E06071729DFDC1D000D542D /* BookShelfView.swift in Sources */,
				9E459B0B2A19DA7300DB248F /* LeftBottomButtonStyle.swift in Sources */,
				9ECD921329BF1FA600FCDD2F /* ContentView.swift in Sources */,
				9E7A795029DAABA000A51856 /* SearchBookButtonGroupView.swift in Sources */,
				9E595E422A2AD8EC00F46F74 /* BookShelfSentenceListView.swift in Sources */,
				9E7D40892A284285007368CF /* AddSentenceSheetView.swift in Sources */,
				9E7A794D29DA998F00A51856 /* SalesPointDescSheetView.swift in Sources */,
				9EE01FEA2A01F2D900584F39 /* CompleteBookScrollView.swift in Sources */,
				9E9B35B32A41288C009234ED /* ViewType.swift in Sources */,
				9E0434BC29E53CD8009A2161 /* CollectSentences.swift in Sources */,
				9E54AA0E29D7D84100FE080C /* StringExtension.swift in Sources */,
				9EDC2FB129E6E48C004E792A /* UINavigationControllerExtension.swift in Sources */,
				9EC71F892A15D3A30056C11C /* ActivityTopBarView.swift in Sources */,
				9E0434BA29E53CA0009A2161 /* ReadingRecord.swift in Sources */,
				9EDA9AFF29D4419B00B4F169 /* SearchSheetTextFieldView.swift in Sources */,
				9E0434A629E19C48009A2161 /* FavBookButton.swift in Sources */,
				9E0C0A7329D28C0300F1F5F6 /* AladinAPI.swift in Sources */,
				9E24DD302A14F8B400366640 /* HomeActivityTabView.swift in Sources */,
				9EDEEF852A02963D0036FB1A /* CompleteBookSentenceView.swift in Sources */,
				9E7BFC7929F0F24F00D72648 /* AnalysisView.swift in Sources */,
				9EC71F912A1715690056C11C /* CompleteBookTabButton.swift in Sources */,
				9EDC2FBC29EA3811004E792A /* LottieBookView.swift in Sources */,
				9EE01FF32A022D4100584F39 /* CompleteBookAnalysisView.swift in Sources */,
				9ED4CB6729D4046400CA493D /* SearchSheetView.swift in Sources */,
				9ECA326929D11C02004D6D5B /* CustomMainTabView.swift in Sources */,
				9E0C0A6929D281BF00F1F5F6 /* HapticManager.swift in Sources */,
				9ED4CB6129D3E0AA00CA493D /* SearchListTopTabView.swift in Sources */,
				9E0434B229E3940E009A2161 /* BookShelfBookListTextFieldView.swift in Sources */,
				9E0C0A7D29D3D0F900F1F5F6 /* BookListTab.swift in Sources */,
				9E7A794729DA854D00A51856 /* SearchBookMainInfoView.swift in Sources */,
				9E1A36C72A3DF242001E5E11 /* BookShelfCompBookTabView.swift in Sources */,
				9E0C0A7129D2866100F1F5F6 /* briefBookInfo.swift in Sources */,
				9E24DD312A14F8B400366640 /* HomeScrollView.swift in Sources */,
				9E595E442A2AD9C400F46F74 /* BookShelfSentenceListTextFieldView.swift in Sources */,
				9E595E3A2A28BE8E00F46F74 /* SentenceCellButton.swift in Sources */,
				9E2C9D572A3C1C0500810B02 /* MainReadingTime.swift in Sources */,
				9EDC2FAF29E6DDEF004E792A /* ViewFromType.swift in Sources */,
				9E061D6129FAA8890042E3B1 /* SettingsView.swift in Sources */,
				9ED116BD29ED01610072BA41 /* AddReadingBookTopBarView.swift in Sources */,
				9E4996082A3FCF2400FB7B91 /* BookShelfList.swift in Sources */,
				9E0434A029E164CA009A2161 /* BookShelfScrollView.swift in Sources */,
				9EC71F962A17512A0056C11C /* RoundedRect.swift in Sources */,
				9ED116BF29ED034D0072BA41 /* AddReadingBookCenterView.swift in Sources */,
				9EC71F8B2A15D50F0056C11C /* ActivityScrollView.swift in Sources */,
				9E061D5A29F8EB9C0042E3B1 /* HomeCategoryButton.swift in Sources */,
				9ED4CB6429D3E21C00CA493D /* SearchListTabButton.swift in Sources */,
				9E54AA0029D6704900FE080C /* SearchSheetScrollView.swift in Sources */,
				9E524DF829D1CF3500FD7B98 /* TabButton.swift in Sources */,
				9E0C0A6629D1DF4800F1F5F6 /* HomeTopBarView.swift in Sources */,
				9E0C0A5F29D1D85200F1F5F6 /* ViewExtension.swift in Sources */,
				9E24DD322A14F8B400366640 /* HomeCompleteBookTabView.swift in Sources */,
				9E54A9FC29D5DC9800FE080C /* SearchCategoryButton.swift in Sources */,
				9EF659D72A398191003CF6A5 /* AnalysisHighlightTabView.swift in Sources */,
				9EB749FA29D5C43200610D97 /* Category.swift in Sources */,
				9E0434AB29E28097009A2161 /* BookSortCriteria.swift in Sources */,
				9EE01FF12A020FAA00584F39 /* CompleteBookOutlineView.swift in Sources */,
				9ED116C129ED04330072BA41 /* AddReadingBookButtonGroupView.swift in Sources */,
				9EC71F942A174A410056C11C /* BottomButtonStyle.swift in Sources */,
				9EF659D92A39A269003CF6A5 /* ScrollYOffset.swift in Sources */,
				9EA1983E2A01F18300D385CD /* CompleteBookView.swift in Sources */,
				9E061D5C29FA90660042E3B1 /* CompleteBookButton.swift in Sources */,
				9E0434B029E2AEFF009A2161 /* NavigationTitleStyle.swift in Sources */,
				9E524DFB29D1D14C00FD7B98 /* RoundedRectBLBR.swift in Sources */,
				9E7A794929DA8D7500A51856 /* SearchBookSubInfoView.swift in Sources */,
				9EA1983D2A01F18300D385CD /* CompleteBookTopInfoView.swift in Sources */,
				9E187E072A06853100930388 /* DateExtension.swift in Sources */,
				9E54AA0629D706F500FE080C /* SearchListScrollView.swift in Sources */,
				9EDC2FB429E6F108004E792A /* AddReadingBookView.swift in Sources */,
				9EFBE7CF29FFA90800308BAE /* CompleteBookTab.swift in Sources */,
				9E852F1729E1283C00A78EC2 /* BookShelfTopBarView.swift in Sources */,
				9E0C0A6229D1DB4700F1F5F6 /* HomeView.swift in Sources */,
				9E0434B429E39920009A2161 /* BookShelfBookScrollView.swift in Sources */,
				9ECA326B29D12044004D6D5B /* CustomTab.swift in Sources */,
				9E459B0D2A19DA9900DB248F /* RightBottomButtonStyle.swift in Sources */,
				9E0EF6F02A0DF4F600747847 /* ActivityCellButton.swift in Sources */,
				9ED4B5DD2A35F60E003BA12C /* MonthlyBooksCompletedChartView.swift in Sources */,
				9E7A794529DA6AFF00A51856 /* SearchBookCoverView.swift in Sources */,
				9E1A36C92A3DF4D2001E5E11 /* BookShelfSummaryTabView.swift in Sources */,
				9E06070E29DD516D000D542D /* RealmManager.swift in Sources */,
				9EE01FEE2A01FAF800584F39 /* CompleteBookBottomTabView.swift in Sources */,
				9E595E462A2ADDB900F46F74 /* BookShelfSentenceScrollView.swift in Sources */,
				9E2BA90C2A051C9200FD2E93 /* CompleteBookDataSheetView.swift in Sources */,
				9E7A794B29DA8EBD00A51856 /* SearchBookDescView.swift in Sources */,
				9EC71F8D2A15DEEE0056C11C /* MonthlyReadingActivity.swift in Sources */,
				9E2BA9062A04CBF600FD2E93 /* CompleteBookRenewalSheetView.swift in Sources */,
				9EDC2FB729E92E90004E792A /* DatePickerSheetView.swift in Sources */,
				9E5283862A223D3200687385 /* ColorExtension.swift in Sources */,
				9E7A794329DA5B8F00A51856 /* SearchBookView.swift in Sources */,
				9E54AA0829D7C9B500FE080C /* ListBookButton.swift in Sources */,
				9EC71F9A2A1782B70056C11C /* ArrayExtension.swift in Sources */,
				9EF659D32A397C62003CF6A5 /* AnalysisScrollView.swift in Sources */,
				9E0EF6F62A0DF78000747847 /* ActivityView.swift in Sources */,
				9E54AA0C29D7CF6600FE080C /* RoundedRectTLBL.swift in Sources */,
				9ED4B5D92A343D0D003BA12C /* TotalPagesCountByCategoryChartView.swift in Sources */,
				9E06071429DF9847000D542D /* FavoriteBook.swift in Sources */,
				9ECD921129BF1FA600FCDD2F /* BookyBookyApp.swift in Sources */,
				9EC88D622A11F76400C2701F /* CompleteBookConfettiView.swift in Sources */,
				9E0C0A6F29D2856B00F1F5F6 /* AladinAPIManager.swift in Sources */,
				9E54AA0A29D7CACB00FE080C /* RoundedRectTRBR.swift in Sources */,
				9E0434B629E537BE009A2161 /* CompleteBook.swift in Sources */,
				9EA1983F2A01F18300D385CD /* CompleteBookTopBarView.swift in Sources */,
				9E0C0A6C29D284FD00F1F5F6 /* BookListView.swift in Sources */,
				9EF659D12A397549003CF6A5 /* AnalysisTopBarView.swift in Sources */,
				9E0434AE29E2A38D009A2161 /* NavigationBarItemStyle.swift in Sources */,
				9E54AA0429D6F54B00FE080C /* SearchListBookButton.swift in Sources */,
				9E0C0A7729D2B5BC00F1F5F6 /* detailBookInfo.swift in Sources */,
				9ED4B5DB2A34A0B0003BA12C /* DailyPagesReadChartView.swift in Sources */,
				9E1C2F9E2A0BADAC00AB0BAE /* CompleteBookEditView.swift in Sources */,
				9EC71F982A177D930056C11C /* ResultsExtension.swift in Sources */,
				9E0C0A7F29D3D56A00F1F5F6 /* SearchListTopBarView.swift in Sources */,
			);
			runOnlyForDeploymentPostprocessing = 0;
		};
/* End PBXSourcesBuildPhase section */

/* Begin XCBuildConfiguration section */
		9ECD921929BF1FA700FCDD2F /* Debug */ = {
			isa = XCBuildConfiguration;
			buildSettings = {
				ALWAYS_SEARCH_USER_PATHS = NO;
				CLANG_ANALYZER_NONNULL = YES;
				CLANG_ANALYZER_NUMBER_OBJECT_CONVERSION = YES_AGGRESSIVE;
				CLANG_CXX_LANGUAGE_STANDARD = "gnu++20";
				CLANG_ENABLE_MODULES = YES;
				CLANG_ENABLE_OBJC_ARC = YES;
				CLANG_ENABLE_OBJC_WEAK = YES;
				CLANG_WARN_BLOCK_CAPTURE_AUTORELEASING = YES;
				CLANG_WARN_BOOL_CONVERSION = YES;
				CLANG_WARN_COMMA = YES;
				CLANG_WARN_CONSTANT_CONVERSION = YES;
				CLANG_WARN_DEPRECATED_OBJC_IMPLEMENTATIONS = YES;
				CLANG_WARN_DIRECT_OBJC_ISA_USAGE = YES_ERROR;
				CLANG_WARN_DOCUMENTATION_COMMENTS = YES;
				CLANG_WARN_EMPTY_BODY = YES;
				CLANG_WARN_ENUM_CONVERSION = YES;
				CLANG_WARN_INFINITE_RECURSION = YES;
				CLANG_WARN_INT_CONVERSION = YES;
				CLANG_WARN_NON_LITERAL_NULL_CONVERSION = YES;
				CLANG_WARN_OBJC_IMPLICIT_RETAIN_SELF = YES;
				CLANG_WARN_OBJC_LITERAL_CONVERSION = YES;
				CLANG_WARN_OBJC_ROOT_CLASS = YES_ERROR;
				CLANG_WARN_QUOTED_INCLUDE_IN_FRAMEWORK_HEADER = YES;
				CLANG_WARN_RANGE_LOOP_ANALYSIS = YES;
				CLANG_WARN_STRICT_PROTOTYPES = YES;
				CLANG_WARN_SUSPICIOUS_MOVE = YES;
				CLANG_WARN_UNGUARDED_AVAILABILITY = YES_AGGRESSIVE;
				CLANG_WARN_UNREACHABLE_CODE = YES;
				CLANG_WARN__DUPLICATE_METHOD_MATCH = YES;
				COPY_PHASE_STRIP = NO;
				DEBUG_INFORMATION_FORMAT = dwarf;
				ENABLE_STRICT_OBJC_MSGSEND = YES;
				ENABLE_TESTABILITY = YES;
				GCC_C_LANGUAGE_STANDARD = gnu11;
				GCC_DYNAMIC_NO_PIC = NO;
				GCC_NO_COMMON_BLOCKS = YES;
				GCC_OPTIMIZATION_LEVEL = 0;
				GCC_PREPROCESSOR_DEFINITIONS = (
					"DEBUG=1",
					"$(inherited)",
				);
				GCC_WARN_64_TO_32_BIT_CONVERSION = YES;
				GCC_WARN_ABOUT_RETURN_TYPE = YES_ERROR;
				GCC_WARN_UNDECLARED_SELECTOR = YES;
				GCC_WARN_UNINITIALIZED_AUTOS = YES_AGGRESSIVE;
				GCC_WARN_UNUSED_FUNCTION = YES;
				GCC_WARN_UNUSED_VARIABLE = YES;
				IPHONEOS_DEPLOYMENT_TARGET = 17.0;
				MTL_ENABLE_DEBUG_INFO = INCLUDE_SOURCE;
				MTL_FAST_MATH = YES;
				ONLY_ACTIVE_ARCH = YES;
				SDKROOT = iphoneos;
				SWIFT_ACTIVE_COMPILATION_CONDITIONS = DEBUG;
				SWIFT_OPTIMIZATION_LEVEL = "-Onone";
			};
			name = Debug;
		};
		9ECD921A29BF1FA700FCDD2F /* Release */ = {
			isa = XCBuildConfiguration;
			buildSettings = {
				ALWAYS_SEARCH_USER_PATHS = NO;
				CLANG_ANALYZER_NONNULL = YES;
				CLANG_ANALYZER_NUMBER_OBJECT_CONVERSION = YES_AGGRESSIVE;
				CLANG_CXX_LANGUAGE_STANDARD = "gnu++20";
				CLANG_ENABLE_MODULES = YES;
				CLANG_ENABLE_OBJC_ARC = YES;
				CLANG_ENABLE_OBJC_WEAK = YES;
				CLANG_WARN_BLOCK_CAPTURE_AUTORELEASING = YES;
				CLANG_WARN_BOOL_CONVERSION = YES;
				CLANG_WARN_COMMA = YES;
				CLANG_WARN_CONSTANT_CONVERSION = YES;
				CLANG_WARN_DEPRECATED_OBJC_IMPLEMENTATIONS = YES;
				CLANG_WARN_DIRECT_OBJC_ISA_USAGE = YES_ERROR;
				CLANG_WARN_DOCUMENTATION_COMMENTS = YES;
				CLANG_WARN_EMPTY_BODY = YES;
				CLANG_WARN_ENUM_CONVERSION = YES;
				CLANG_WARN_INFINITE_RECURSION = YES;
				CLANG_WARN_INT_CONVERSION = YES;
				CLANG_WARN_NON_LITERAL_NULL_CONVERSION = YES;
				CLANG_WARN_OBJC_IMPLICIT_RETAIN_SELF = YES;
				CLANG_WARN_OBJC_LITERAL_CONVERSION = YES;
				CLANG_WARN_OBJC_ROOT_CLASS = YES_ERROR;
				CLANG_WARN_QUOTED_INCLUDE_IN_FRAMEWORK_HEADER = YES;
				CLANG_WARN_RANGE_LOOP_ANALYSIS = YES;
				CLANG_WARN_STRICT_PROTOTYPES = YES;
				CLANG_WARN_SUSPICIOUS_MOVE = YES;
				CLANG_WARN_UNGUARDED_AVAILABILITY = YES_AGGRESSIVE;
				CLANG_WARN_UNREACHABLE_CODE = YES;
				CLANG_WARN__DUPLICATE_METHOD_MATCH = YES;
				COPY_PHASE_STRIP = NO;
				DEBUG_INFORMATION_FORMAT = "dwarf-with-dsym";
				ENABLE_NS_ASSERTIONS = NO;
				ENABLE_STRICT_OBJC_MSGSEND = YES;
				GCC_C_LANGUAGE_STANDARD = gnu11;
				GCC_NO_COMMON_BLOCKS = YES;
				GCC_WARN_64_TO_32_BIT_CONVERSION = YES;
				GCC_WARN_ABOUT_RETURN_TYPE = YES_ERROR;
				GCC_WARN_UNDECLARED_SELECTOR = YES;
				GCC_WARN_UNINITIALIZED_AUTOS = YES_AGGRESSIVE;
				GCC_WARN_UNUSED_FUNCTION = YES;
				GCC_WARN_UNUSED_VARIABLE = YES;
				IPHONEOS_DEPLOYMENT_TARGET = 17.0;
				MTL_ENABLE_DEBUG_INFO = NO;
				MTL_FAST_MATH = YES;
				SDKROOT = iphoneos;
				SWIFT_COMPILATION_MODE = wholemodule;
				SWIFT_OPTIMIZATION_LEVEL = "-O";
				VALIDATE_PRODUCT = YES;
			};
			name = Release;
		};
		9ECD921C29BF1FA700FCDD2F /* Debug */ = {
			isa = XCBuildConfiguration;
			buildSettings = {
				ASSETCATALOG_COMPILER_APPICON_NAME = AppIcon;
				ASSETCATALOG_COMPILER_GLOBAL_ACCENT_COLOR_NAME = AccentColor;
				CODE_SIGN_STYLE = Automatic;
				CURRENT_PROJECT_VERSION = 1;
				DEVELOPMENT_ASSET_PATHS = "\"BookyBooky/Preview Content\"";
				DEVELOPMENT_TEAM = 4DQM269FVB;
				ENABLE_PREVIEWS = YES;
				GENERATE_INFOPLIST_FILE = YES;
				INFOPLIST_FILE = BookyBooky/Info.plist;
				INFOPLIST_KEY_LSApplicationCategoryType = "public.app-category.books";
				INFOPLIST_KEY_UIApplicationSceneManifest_Generation = YES;
				INFOPLIST_KEY_UIApplicationSupportsIndirectInputEvents = YES;
				INFOPLIST_KEY_UILaunchScreen_Generation = YES;
				INFOPLIST_KEY_UIStatusBarHidden = NO;
				INFOPLIST_KEY_UIStatusBarStyle = "";
				INFOPLIST_KEY_UISupportedInterfaceOrientations = UIInterfaceOrientationPortrait;
				INFOPLIST_KEY_UISupportedInterfaceOrientations_iPad = "UIInterfaceOrientationLandscapeLeft UIInterfaceOrientationLandscapeRight UIInterfaceOrientationPortrait UIInterfaceOrientationPortraitUpsideDown";
				IPHONEOS_DEPLOYMENT_TARGET = 17.0;
				LD_RUNPATH_SEARCH_PATHS = (
					"$(inherited)",
					"@executable_path/Frameworks",
				);
				MARKETING_VERSION = 1.0;
				PRODUCT_BUNDLE_IDENTIFIER = "com.Zizi-Kim.BookyBooky";
				PRODUCT_NAME = "$(TARGET_NAME)";
				SUPPORTED_PLATFORMS = "iphoneos iphonesimulator";
				SUPPORTS_MACCATALYST = NO;
				SUPPORTS_MAC_DESIGNED_FOR_IPHONE_IPAD = NO;
				SWIFT_EMIT_LOC_STRINGS = YES;
				SWIFT_VERSION = 5.0;
				TARGETED_DEVICE_FAMILY = 1;
			};
			name = Debug;
		};
		9ECD921D29BF1FA700FCDD2F /* Release */ = {
			isa = XCBuildConfiguration;
			buildSettings = {
				ASSETCATALOG_COMPILER_APPICON_NAME = AppIcon;
				ASSETCATALOG_COMPILER_GLOBAL_ACCENT_COLOR_NAME = AccentColor;
				CODE_SIGN_STYLE = Automatic;
				CURRENT_PROJECT_VERSION = 1;
				DEVELOPMENT_ASSET_PATHS = "\"BookyBooky/Preview Content\"";
				DEVELOPMENT_TEAM = 4DQM269FVB;
				ENABLE_PREVIEWS = YES;
				GENERATE_INFOPLIST_FILE = YES;
				INFOPLIST_FILE = BookyBooky/Info.plist;
				INFOPLIST_KEY_LSApplicationCategoryType = "public.app-category.books";
				INFOPLIST_KEY_UIApplicationSceneManifest_Generation = YES;
				INFOPLIST_KEY_UIApplicationSupportsIndirectInputEvents = YES;
				INFOPLIST_KEY_UILaunchScreen_Generation = YES;
				INFOPLIST_KEY_UIStatusBarHidden = NO;
				INFOPLIST_KEY_UIStatusBarStyle = "";
				INFOPLIST_KEY_UISupportedInterfaceOrientations = UIInterfaceOrientationPortrait;
				INFOPLIST_KEY_UISupportedInterfaceOrientations_iPad = "UIInterfaceOrientationLandscapeLeft UIInterfaceOrientationLandscapeRight UIInterfaceOrientationPortrait UIInterfaceOrientationPortraitUpsideDown";
				IPHONEOS_DEPLOYMENT_TARGET = 17.0;
				LD_RUNPATH_SEARCH_PATHS = (
					"$(inherited)",
					"@executable_path/Frameworks",
				);
				MARKETING_VERSION = 1.0;
				PRODUCT_BUNDLE_IDENTIFIER = "com.Zizi-Kim.BookyBooky";
				PRODUCT_NAME = "$(TARGET_NAME)";
				SUPPORTED_PLATFORMS = "iphoneos iphonesimulator";
				SUPPORTS_MACCATALYST = NO;
				SUPPORTS_MAC_DESIGNED_FOR_IPHONE_IPAD = NO;
				SWIFT_EMIT_LOC_STRINGS = YES;
				SWIFT_VERSION = 5.0;
				TARGETED_DEVICE_FAMILY = 1;
			};
			name = Release;
		};
/* End XCBuildConfiguration section */

/* Begin XCConfigurationList section */
		9ECD920829BF1FA600FCDD2F /* Build configuration list for PBXProject "BookyBooky" */ = {
			isa = XCConfigurationList;
			buildConfigurations = (
				9ECD921929BF1FA700FCDD2F /* Debug */,
				9ECD921A29BF1FA700FCDD2F /* Release */,
			);
			defaultConfigurationIsVisible = 0;
			defaultConfigurationName = Release;
		};
		9ECD921B29BF1FA700FCDD2F /* Build configuration list for PBXNativeTarget "BookyBooky" */ = {
			isa = XCConfigurationList;
			buildConfigurations = (
				9ECD921C29BF1FA700FCDD2F /* Debug */,
				9ECD921D29BF1FA700FCDD2F /* Release */,
			);
			defaultConfigurationIsVisible = 0;
			defaultConfigurationName = Release;
		};
/* End XCConfigurationList section */

/* Begin XCRemoteSwiftPackageReference section */
		9EB136012A30D61D0081832D /* XCRemoteSwiftPackageReference "Alamofire" */ = {
			isa = XCRemoteSwiftPackageReference;
			repositoryURL = "https://github.com/Alamofire/Alamofire";
			requirement = {
				kind = upToNextMajorVersion;
				minimumVersion = 5.7.1;
			};
		};
		9EB136042A30D63E0081832D /* XCRemoteSwiftPackageReference "realm-swift" */ = {
			isa = XCRemoteSwiftPackageReference;
			repositoryURL = "https://github.com/realm/realm-swift";
			requirement = {
				branch = master;
				kind = branch;
			};
		};
		9EB136092A30D6500081832D /* XCRemoteSwiftPackageReference "SwiftUI-Shimmer" */ = {
			isa = XCRemoteSwiftPackageReference;
			repositoryURL = "https://github.com/markiv/SwiftUI-Shimmer";
			requirement = {
				kind = upToNextMajorVersion;
				minimumVersion = 1.3.0;
			};
		};
		9EB1360C2A30D65B0081832D /* XCRemoteSwiftPackageReference "AlertToast" */ = {
			isa = XCRemoteSwiftPackageReference;
			repositoryURL = "https://github.com/elai950/AlertToast";
			requirement = {
				kind = upToNextMajorVersion;
				minimumVersion = 1.3.9;
			};
		};
		9EDEDD3D2A30D692002232B9 /* XCRemoteSwiftPackageReference "lottie-ios" */ = {
			isa = XCRemoteSwiftPackageReference;
			repositoryURL = "https://github.com/airbnb/lottie-ios";
			requirement = {
				kind = upToNextMajorVersion;
				minimumVersion = 4.2.0;
			};
		};
		9EDEDD402A30D6A8002232B9 /* XCRemoteSwiftPackageReference "ConfettiSwiftUI" */ = {
			isa = XCRemoteSwiftPackageReference;
			repositoryURL = "https://github.com/simibac/ConfettiSwiftUI";
			requirement = {
				kind = upToNextMajorVersion;
				minimumVersion = 1.0.1;
			};
		};
		9EF659CD2A386034003CF6A5 /* XCRemoteSwiftPackageReference "DeviceKit" */ = {
			isa = XCRemoteSwiftPackageReference;
			repositoryURL = "https://github.com/devicekit/DeviceKit";
			requirement = {
				kind = upToNextMajorVersion;
				minimumVersion = 5.0.0;
			};
		};
/* End XCRemoteSwiftPackageReference section */

/* Begin XCSwiftPackageProductDependency section */
		9EB136022A30D61D0081832D /* Alamofire */ = {
			isa = XCSwiftPackageProductDependency;
			package = 9EB136012A30D61D0081832D /* XCRemoteSwiftPackageReference "Alamofire" */;
			productName = Alamofire;
		};
		9EB136052A30D63E0081832D /* Realm */ = {
			isa = XCSwiftPackageProductDependency;
			package = 9EB136042A30D63E0081832D /* XCRemoteSwiftPackageReference "realm-swift" */;
			productName = Realm;
		};
		9EB136072A30D63E0081832D /* RealmSwift */ = {
			isa = XCSwiftPackageProductDependency;
			package = 9EB136042A30D63E0081832D /* XCRemoteSwiftPackageReference "realm-swift" */;
			productName = RealmSwift;
		};
		9EB1360A2A30D6500081832D /* Shimmer */ = {
			isa = XCSwiftPackageProductDependency;
			package = 9EB136092A30D6500081832D /* XCRemoteSwiftPackageReference "SwiftUI-Shimmer" */;
			productName = Shimmer;
		};
		9EB1360D2A30D65B0081832D /* AlertToast */ = {
			isa = XCSwiftPackageProductDependency;
			package = 9EB1360C2A30D65B0081832D /* XCRemoteSwiftPackageReference "AlertToast" */;
			productName = AlertToast;
		};
		9EDEDD3E2A30D692002232B9 /* Lottie */ = {
			isa = XCSwiftPackageProductDependency;
			package = 9EDEDD3D2A30D692002232B9 /* XCRemoteSwiftPackageReference "lottie-ios" */;
			productName = Lottie;
		};
		9EDEDD412A30D6A8002232B9 /* ConfettiSwiftUI */ = {
			isa = XCSwiftPackageProductDependency;
			package = 9EDEDD402A30D6A8002232B9 /* XCRemoteSwiftPackageReference "ConfettiSwiftUI" */;
			productName = ConfettiSwiftUI;
		};
		9EF659CE2A386034003CF6A5 /* DeviceKit */ = {
			isa = XCSwiftPackageProductDependency;
			package = 9EF659CD2A386034003CF6A5 /* XCRemoteSwiftPackageReference "DeviceKit" */;
			productName = DeviceKit;
		};
/* End XCSwiftPackageProductDependency section */
	};
	rootObject = 9ECD920529BF1FA600FCDD2F /* Project object */;
}
